// !$*UTF8*$!
{
	archiveVersion = 1;
	classes = {
	};
	objectVersion = 56;
	objects = {

/* Begin PBXBuildFile section */
		D6966E6F2A4773F800374EB3 /* UserInformationTableViewCell.swift in Sources */ = {isa = PBXBuildFile; fileRef = D6966E6E2A4773F800374EB3 /* UserInformationTableViewCell.swift */; };
		D69D2C182A3E0616004E689F /* SignUpFromScratchViewController.swift in Sources */ = {isa = PBXBuildFile; fileRef = D69D2C172A3E0616004E689F /* SignUpFromScratchViewController.swift */; };
		D69D2C1A2A3E302D004E689F /* LoginLocalizable.strings in Resources */ = {isa = PBXBuildFile; fileRef = D69D2C192A3E302D004E689F /* LoginLocalizable.strings */; };
		D69D2C1D2A3E3072004E689F /* LoginLocalizable.swift in Sources */ = {isa = PBXBuildFile; fileRef = D69D2C1C2A3E3072004E689F /* LoginLocalizable.swift */; };
		D69D2C1F2A3E309E004E689F /* LoginLocalizableKeys.swift in Sources */ = {isa = PBXBuildFile; fileRef = D69D2C1E2A3E309E004E689F /* LoginLocalizableKeys.swift */; };
		D69D2C222A3E3B40004E689F /* HomeViewController.swift in Sources */ = {isa = PBXBuildFile; fileRef = D69D2C212A3E3B40004E689F /* HomeViewController.swift */; };
		D69D2C242A3E3B9C004E689F /* UIViewController+Extensions.swift in Sources */ = {isa = PBXBuildFile; fileRef = D69D2C232A3E3B9C004E689F /* UIViewController+Extensions.swift */; };
		D69D2C272A3E3BC5004E689F /* AlertMessage.swift in Sources */ = {isa = PBXBuildFile; fileRef = D69D2C262A3E3BC5004E689F /* AlertMessage.swift */; };
		D69D2C292A3E42EC004E689F /* LoginViewProtocol.swift in Sources */ = {isa = PBXBuildFile; fileRef = D69D2C282A3E42EC004E689F /* LoginViewProtocol.swift */; };
		D69D2C2B2A3E4303004E689F /* LoginPresenterProtocol.swift in Sources */ = {isa = PBXBuildFile; fileRef = D69D2C2A2A3E4303004E689F /* LoginPresenterProtocol.swift */; };
		D69D2C2D2A3E4388004E689F /* LoginPresenter.swift in Sources */ = {isa = PBXBuildFile; fileRef = D69D2C2C2A3E4388004E689F /* LoginPresenter.swift */; };
		D6CB573F2A477DC0000768C2 /* UserInformation.swift in Sources */ = {isa = PBXBuildFile; fileRef = D6CB573E2A477DC0000768C2 /* UserInformation.swift */; };
		D6F56D4F2A34CBAB0084EBDA /* AppDelegate.swift in Sources */ = {isa = PBXBuildFile; fileRef = D6F56D4E2A34CBAB0084EBDA /* AppDelegate.swift */; };
		D6F56D512A34CBAB0084EBDA /* SceneDelegate.swift in Sources */ = {isa = PBXBuildFile; fileRef = D6F56D502A34CBAB0084EBDA /* SceneDelegate.swift */; };
		D6F56D532A34CBAB0084EBDA /* SignUpViewController.swift in Sources */ = {isa = PBXBuildFile; fileRef = D6F56D522A34CBAB0084EBDA /* SignUpViewController.swift */; };
		D6F56D582A34CBAC0084EBDA /* Assets.xcassets in Resources */ = {isa = PBXBuildFile; fileRef = D6F56D572A34CBAC0084EBDA /* Assets.xcassets */; };
		D6F56D5B2A34CBAC0084EBDA /* LaunchScreen.storyboard in Resources */ = {isa = PBXBuildFile; fileRef = D6F56D592A34CBAC0084EBDA /* LaunchScreen.storyboard */; };
		D6F56D662A34CBAC0084EBDA /* Modulo2Tests.swift in Sources */ = {isa = PBXBuildFile; fileRef = D6F56D652A34CBAC0084EBDA /* Modulo2Tests.swift */; };
		D6F56D702A34CBAD0084EBDA /* Modulo2UITests.swift in Sources */ = {isa = PBXBuildFile; fileRef = D6F56D6F2A34CBAD0084EBDA /* Modulo2UITests.swift */; };
		D6F56D722A34CBAD0084EBDA /* Modulo2UITestsLaunchTests.swift in Sources */ = {isa = PBXBuildFile; fileRef = D6F56D712A34CBAD0084EBDA /* Modulo2UITestsLaunchTests.swift */; };
		D6F56D7F2A34F4DA0084EBDA /* LocalizableProtocol.swift in Sources */ = {isa = PBXBuildFile; fileRef = D6F56D7E2A34F4DA0084EBDA /* LocalizableProtocol.swift */; };
		D6F56D832A34F8060084EBDA /* SignUpLocalizable.strings in Resources */ = {isa = PBXBuildFile; fileRef = D6F56D822A34F8060084EBDA /* SignUpLocalizable.strings */; };
		D6F56D872A34F8D10084EBDA /* String+Extensions.swift in Sources */ = {isa = PBXBuildFile; fileRef = D6F56D862A34F8D10084EBDA /* String+Extensions.swift */; };
		D6F56D892A34F8ED0084EBDA /* UITextField+Extensions.swift in Sources */ = {isa = PBXBuildFile; fileRef = D6F56D882A34F8ED0084EBDA /* UITextField+Extensions.swift */; };
		D6F56D8F2A34FA890084EBDA /* SignUpLocalizable.swift in Sources */ = {isa = PBXBuildFile; fileRef = D6F56D8E2A34FA890084EBDA /* SignUpLocalizable.swift */; };
		D6F56D912A34FAE10084EBDA /* SignUpLocalizableKeys.swift in Sources */ = {isa = PBXBuildFile; fileRef = D6F56D902A34FAE10084EBDA /* SignUpLocalizableKeys.swift */; };
		D6F56D942A350C740084EBDA /* LoginViewController.swift in Sources */ = {isa = PBXBuildFile; fileRef = D6F56D932A350C740084EBDA /* LoginViewController.swift */; };
/* End PBXBuildFile section */

/* Begin PBXContainerItemProxy section */
		D6F56D622A34CBAC0084EBDA /* PBXContainerItemProxy */ = {
			isa = PBXContainerItemProxy;
			containerPortal = D6F56D432A34CBAB0084EBDA /* Project object */;
			proxyType = 1;
			remoteGlobalIDString = D6F56D4A2A34CBAB0084EBDA;
			remoteInfo = Modulo2;
		};
		D6F56D6C2A34CBAD0084EBDA /* PBXContainerItemProxy */ = {
			isa = PBXContainerItemProxy;
			containerPortal = D6F56D432A34CBAB0084EBDA /* Project object */;
			proxyType = 1;
			remoteGlobalIDString = D6F56D4A2A34CBAB0084EBDA;
			remoteInfo = Modulo2;
		};
/* End PBXContainerItemProxy section */

/* Begin PBXFileReference section */
		D6966E6E2A4773F800374EB3 /* UserInformationTableViewCell.swift */ = {isa = PBXFileReference; lastKnownFileType = sourcecode.swift; path = UserInformationTableViewCell.swift; sourceTree = "<group>"; };
		D69D2C172A3E0616004E689F /* SignUpFromScratchViewController.swift */ = {isa = PBXFileReference; lastKnownFileType = sourcecode.swift; path = SignUpFromScratchViewController.swift; sourceTree = "<group>"; };
		D69D2C192A3E302D004E689F /* LoginLocalizable.strings */ = {isa = PBXFileReference; lastKnownFileType = text.plist.strings; path = LoginLocalizable.strings; sourceTree = "<group>"; };
		D69D2C1C2A3E3072004E689F /* LoginLocalizable.swift */ = {isa = PBXFileReference; lastKnownFileType = sourcecode.swift; path = LoginLocalizable.swift; sourceTree = "<group>"; };
		D69D2C1E2A3E309E004E689F /* LoginLocalizableKeys.swift */ = {isa = PBXFileReference; lastKnownFileType = sourcecode.swift; path = LoginLocalizableKeys.swift; sourceTree = "<group>"; };
		D69D2C212A3E3B40004E689F /* HomeViewController.swift */ = {isa = PBXFileReference; lastKnownFileType = sourcecode.swift; path = HomeViewController.swift; sourceTree = "<group>"; };
		D69D2C232A3E3B9C004E689F /* UIViewController+Extensions.swift */ = {isa = PBXFileReference; lastKnownFileType = sourcecode.swift; path = "UIViewController+Extensions.swift"; sourceTree = "<group>"; };
		D69D2C262A3E3BC5004E689F /* AlertMessage.swift */ = {isa = PBXFileReference; lastKnownFileType = sourcecode.swift; path = AlertMessage.swift; sourceTree = "<group>"; };
		D69D2C282A3E42EC004E689F /* LoginViewProtocol.swift */ = {isa = PBXFileReference; lastKnownFileType = sourcecode.swift; path = LoginViewProtocol.swift; sourceTree = "<group>"; };
		D69D2C2A2A3E4303004E689F /* LoginPresenterProtocol.swift */ = {isa = PBXFileReference; lastKnownFileType = sourcecode.swift; path = LoginPresenterProtocol.swift; sourceTree = "<group>"; };
		D69D2C2C2A3E4388004E689F /* LoginPresenter.swift */ = {isa = PBXFileReference; lastKnownFileType = sourcecode.swift; path = LoginPresenter.swift; sourceTree = "<group>"; };
		D6CB573E2A477DC0000768C2 /* UserInformation.swift */ = {isa = PBXFileReference; lastKnownFileType = sourcecode.swift; path = UserInformation.swift; sourceTree = "<group>"; };
		D6F56D4B2A34CBAB0084EBDA /* Modulo2.app */ = {isa = PBXFileReference; explicitFileType = wrapper.application; includeInIndex = 0; path = Modulo2.app; sourceTree = BUILT_PRODUCTS_DIR; };
		D6F56D4E2A34CBAB0084EBDA /* AppDelegate.swift */ = {isa = PBXFileReference; lastKnownFileType = sourcecode.swift; path = AppDelegate.swift; sourceTree = "<group>"; };
		D6F56D502A34CBAB0084EBDA /* SceneDelegate.swift */ = {isa = PBXFileReference; lastKnownFileType = sourcecode.swift; path = SceneDelegate.swift; sourceTree = "<group>"; };
		D6F56D522A34CBAB0084EBDA /* SignUpViewController.swift */ = {isa = PBXFileReference; lastKnownFileType = sourcecode.swift; path = SignUpViewController.swift; sourceTree = "<group>"; };
		D6F56D572A34CBAC0084EBDA /* Assets.xcassets */ = {isa = PBXFileReference; lastKnownFileType = folder.assetcatalog; path = Assets.xcassets; sourceTree = "<group>"; };
		D6F56D5A2A34CBAC0084EBDA /* Base */ = {isa = PBXFileReference; lastKnownFileType = file.storyboard; name = Base; path = Base.lproj/LaunchScreen.storyboard; sourceTree = "<group>"; };
		D6F56D5C2A34CBAC0084EBDA /* Info.plist */ = {isa = PBXFileReference; lastKnownFileType = text.plist.xml; path = Info.plist; sourceTree = "<group>"; };
		D6F56D612A34CBAC0084EBDA /* Modulo2Tests.xctest */ = {isa = PBXFileReference; explicitFileType = wrapper.cfbundle; includeInIndex = 0; path = Modulo2Tests.xctest; sourceTree = BUILT_PRODUCTS_DIR; };
		D6F56D652A34CBAC0084EBDA /* Modulo2Tests.swift */ = {isa = PBXFileReference; lastKnownFileType = sourcecode.swift; path = Modulo2Tests.swift; sourceTree = "<group>"; };
		D6F56D6B2A34CBAD0084EBDA /* Modulo2UITests.xctest */ = {isa = PBXFileReference; explicitFileType = wrapper.cfbundle; includeInIndex = 0; path = Modulo2UITests.xctest; sourceTree = BUILT_PRODUCTS_DIR; };
		D6F56D6F2A34CBAD0084EBDA /* Modulo2UITests.swift */ = {isa = PBXFileReference; lastKnownFileType = sourcecode.swift; path = Modulo2UITests.swift; sourceTree = "<group>"; };
		D6F56D712A34CBAD0084EBDA /* Modulo2UITestsLaunchTests.swift */ = {isa = PBXFileReference; lastKnownFileType = sourcecode.swift; path = Modulo2UITestsLaunchTests.swift; sourceTree = "<group>"; };
		D6F56D7E2A34F4DA0084EBDA /* LocalizableProtocol.swift */ = {isa = PBXFileReference; lastKnownFileType = sourcecode.swift; path = LocalizableProtocol.swift; sourceTree = "<group>"; };
		D6F56D822A34F8060084EBDA /* SignUpLocalizable.strings */ = {isa = PBXFileReference; lastKnownFileType = text.plist.strings; path = SignUpLocalizable.strings; sourceTree = "<group>"; };
		D6F56D862A34F8D10084EBDA /* String+Extensions.swift */ = {isa = PBXFileReference; lastKnownFileType = sourcecode.swift; path = "String+Extensions.swift"; sourceTree = "<group>"; };
		D6F56D882A34F8ED0084EBDA /* UITextField+Extensions.swift */ = {isa = PBXFileReference; lastKnownFileType = sourcecode.swift; path = "UITextField+Extensions.swift"; sourceTree = "<group>"; };
		D6F56D8E2A34FA890084EBDA /* SignUpLocalizable.swift */ = {isa = PBXFileReference; lastKnownFileType = sourcecode.swift; path = SignUpLocalizable.swift; sourceTree = "<group>"; };
		D6F56D902A34FAE10084EBDA /* SignUpLocalizableKeys.swift */ = {isa = PBXFileReference; lastKnownFileType = sourcecode.swift; path = SignUpLocalizableKeys.swift; sourceTree = "<group>"; };
		D6F56D932A350C740084EBDA /* LoginViewController.swift */ = {isa = PBXFileReference; lastKnownFileType = sourcecode.swift; path = LoginViewController.swift; sourceTree = "<group>"; };
/* End PBXFileReference section */

/* Begin PBXFrameworksBuildPhase section */
		D6F56D482A34CBAB0084EBDA /* Frameworks */ = {
			isa = PBXFrameworksBuildPhase;
			buildActionMask = 2147483647;
			files = (
			);
			runOnlyForDeploymentPostprocessing = 0;
		};
		D6F56D5E2A34CBAC0084EBDA /* Frameworks */ = {
			isa = PBXFrameworksBuildPhase;
			buildActionMask = 2147483647;
			files = (
			);
			runOnlyForDeploymentPostprocessing = 0;
		};
		D6F56D682A34CBAD0084EBDA /* Frameworks */ = {
			isa = PBXFrameworksBuildPhase;
			buildActionMask = 2147483647;
			files = (
			);
			runOnlyForDeploymentPostprocessing = 0;
		};
/* End PBXFrameworksBuildPhase section */

/* Begin PBXGroup section */
		D69D2C1B2A3E3064004E689F /* Localizable */ = {
			isa = PBXGroup;
			children = (
				D69D2C1C2A3E3072004E689F /* LoginLocalizable.swift */,
				D69D2C1E2A3E309E004E689F /* LoginLocalizableKeys.swift */,
			);
			path = Localizable;
			sourceTree = "<group>";
		};
		D69D2C202A3E3B13004E689F /* Home */ = {
			isa = PBXGroup;
			children = (
				D69D2C212A3E3B40004E689F /* HomeViewController.swift */,
				D6966E6E2A4773F800374EB3 /* UserInformationTableViewCell.swift */,
				D6CB573E2A477DC0000768C2 /* UserInformation.swift */,
			);
			path = Home;
			sourceTree = "<group>";
		};
		D69D2C252A3E3BB5004E689F /* Models */ = {
			isa = PBXGroup;
			children = (
				D69D2C262A3E3BC5004E689F /* AlertMessage.swift */,
			);
			path = Models;
			sourceTree = "<group>";
		};
		D6F56D422A34CBAB0084EBDA = {
			isa = PBXGroup;
			children = (
				D6F56D4D2A34CBAB0084EBDA /* Modulo2 */,
				D6F56D642A34CBAC0084EBDA /* Modulo2Tests */,
				D6F56D6E2A34CBAD0084EBDA /* Modulo2UITests */,
				D6F56D4C2A34CBAB0084EBDA /* Products */,
			);
			sourceTree = "<group>";
		};
		D6F56D4C2A34CBAB0084EBDA /* Products */ = {
			isa = PBXGroup;
			children = (
				D6F56D4B2A34CBAB0084EBDA /* Modulo2.app */,
				D6F56D612A34CBAC0084EBDA /* Modulo2Tests.xctest */,
				D6F56D6B2A34CBAD0084EBDA /* Modulo2UITests.xctest */,
			);
			name = Products;
			sourceTree = "<group>";
		};
		D6F56D4D2A34CBAB0084EBDA /* Modulo2 */ = {
			isa = PBXGroup;
			children = (
				D6F56D852A34F8BF0084EBDA /* Core */,
				D6F56D842A34F8B70084EBDA /* Modules */,
				D6F56D802A34F7690084EBDA /* Resources */,
				D6F56D4E2A34CBAB0084EBDA /* AppDelegate.swift */,
				D6F56D502A34CBAB0084EBDA /* SceneDelegate.swift */,
				D6F56D572A34CBAC0084EBDA /* Assets.xcassets */,
				D6F56D592A34CBAC0084EBDA /* LaunchScreen.storyboard */,
				D6F56D5C2A34CBAC0084EBDA /* Info.plist */,
			);
			path = Modulo2;
			sourceTree = "<group>";
		};
		D6F56D642A34CBAC0084EBDA /* Modulo2Tests */ = {
			isa = PBXGroup;
			children = (
				D6F56D652A34CBAC0084EBDA /* Modulo2Tests.swift */,
			);
			path = Modulo2Tests;
			sourceTree = "<group>";
		};
		D6F56D6E2A34CBAD0084EBDA /* Modulo2UITests */ = {
			isa = PBXGroup;
			children = (
				D6F56D6F2A34CBAD0084EBDA /* Modulo2UITests.swift */,
				D6F56D712A34CBAD0084EBDA /* Modulo2UITestsLaunchTests.swift */,
			);
			path = Modulo2UITests;
			sourceTree = "<group>";
		};
		D6F56D802A34F7690084EBDA /* Resources */ = {
			isa = PBXGroup;
			children = (
				D6F56D812A34F7760084EBDA /* Localizables */,
			);
			path = Resources;
			sourceTree = "<group>";
		};
		D6F56D812A34F7760084EBDA /* Localizables */ = {
			isa = PBXGroup;
			children = (
				D6F56D822A34F8060084EBDA /* SignUpLocalizable.strings */,
				D69D2C192A3E302D004E689F /* LoginLocalizable.strings */,
			);
			path = Localizables;
			sourceTree = "<group>";
		};
		D6F56D842A34F8B70084EBDA /* Modules */ = {
			isa = PBXGroup;
			children = (
				D69D2C202A3E3B13004E689F /* Home */,
				D6F56D922A350C580084EBDA /* Login */,
				D6F56D8C2A34F97C0084EBDA /* SignUp */,
			);
			path = Modules;
			sourceTree = "<group>";
		};
		D6F56D852A34F8BF0084EBDA /* Core */ = {
			isa = PBXGroup;
			children = (
				D69D2C252A3E3BB5004E689F /* Models */,
				D6F56D8B2A34F9290084EBDA /* Localizable */,
				D6F56D8A2A34F91B0084EBDA /* Extensions */,
			);
			path = Core;
			sourceTree = "<group>";
		};
		D6F56D8A2A34F91B0084EBDA /* Extensions */ = {
			isa = PBXGroup;
			children = (
				D6F56D862A34F8D10084EBDA /* String+Extensions.swift */,
				D6F56D882A34F8ED0084EBDA /* UITextField+Extensions.swift */,
				D69D2C232A3E3B9C004E689F /* UIViewController+Extensions.swift */,
			);
			path = Extensions;
			sourceTree = "<group>";
		};
		D6F56D8B2A34F9290084EBDA /* Localizable */ = {
			isa = PBXGroup;
			children = (
				D6F56D7E2A34F4DA0084EBDA /* LocalizableProtocol.swift */,
			);
			path = Localizable;
			sourceTree = "<group>";
		};
		D6F56D8C2A34F97C0084EBDA /* SignUp */ = {
			isa = PBXGroup;
			children = (
				D6F56D8D2A34FA270084EBDA /* Localizable */,
				D6F56D522A34CBAB0084EBDA /* SignUpViewController.swift */,
				D69D2C172A3E0616004E689F /* SignUpFromScratchViewController.swift */,
			);
			path = SignUp;
			sourceTree = "<group>";
		};
		D6F56D8D2A34FA270084EBDA /* Localizable */ = {
			isa = PBXGroup;
			children = (
				D6F56D8E2A34FA890084EBDA /* SignUpLocalizable.swift */,
				D6F56D902A34FAE10084EBDA /* SignUpLocalizableKeys.swift */,
			);
			path = Localizable;
			sourceTree = "<group>";
		};
		D6F56D922A350C580084EBDA /* Login */ = {
			isa = PBXGroup;
			children = (
				D69D2C1B2A3E3064004E689F /* Localizable */,
				D6F56D932A350C740084EBDA /* LoginViewController.swift */,
				D69D2C282A3E42EC004E689F /* LoginViewProtocol.swift */,
				D69D2C2A2A3E4303004E689F /* LoginPresenterProtocol.swift */,
				D69D2C2C2A3E4388004E689F /* LoginPresenter.swift */,
			);
			path = Login;
			sourceTree = "<group>";
		};
/* End PBXGroup section */

/* Begin PBXNativeTarget section */
		D6F56D4A2A34CBAB0084EBDA /* Modulo2 */ = {
			isa = PBXNativeTarget;
			buildConfigurationList = D6F56D752A34CBAD0084EBDA /* Build configuration list for PBXNativeTarget "Modulo2" */;
			buildPhases = (
				D6F56D472A34CBAB0084EBDA /* Sources */,
				D6F56D482A34CBAB0084EBDA /* Frameworks */,
				D6F56D492A34CBAB0084EBDA /* Resources */,
			);
			buildRules = (
			);
			dependencies = (
			);
			name = Modulo2;
			productName = Modulo2;
			productReference = D6F56D4B2A34CBAB0084EBDA /* Modulo2.app */;
			productType = "com.apple.product-type.application";
		};
		D6F56D602A34CBAC0084EBDA /* Modulo2Tests */ = {
			isa = PBXNativeTarget;
			buildConfigurationList = D6F56D782A34CBAD0084EBDA /* Build configuration list for PBXNativeTarget "Modulo2Tests" */;
			buildPhases = (
				D6F56D5D2A34CBAC0084EBDA /* Sources */,
				D6F56D5E2A34CBAC0084EBDA /* Frameworks */,
				D6F56D5F2A34CBAC0084EBDA /* Resources */,
			);
			buildRules = (
			);
			dependencies = (
				D6F56D632A34CBAC0084EBDA /* PBXTargetDependency */,
			);
			name = Modulo2Tests;
			productName = Modulo2Tests;
			productReference = D6F56D612A34CBAC0084EBDA /* Modulo2Tests.xctest */;
			productType = "com.apple.product-type.bundle.unit-test";
		};
		D6F56D6A2A34CBAD0084EBDA /* Modulo2UITests */ = {
			isa = PBXNativeTarget;
			buildConfigurationList = D6F56D7B2A34CBAD0084EBDA /* Build configuration list for PBXNativeTarget "Modulo2UITests" */;
			buildPhases = (
				D6F56D672A34CBAD0084EBDA /* Sources */,
				D6F56D682A34CBAD0084EBDA /* Frameworks */,
				D6F56D692A34CBAD0084EBDA /* Resources */,
			);
			buildRules = (
			);
			dependencies = (
				D6F56D6D2A34CBAD0084EBDA /* PBXTargetDependency */,
			);
			name = Modulo2UITests;
			productName = Modulo2UITests;
			productReference = D6F56D6B2A34CBAD0084EBDA /* Modulo2UITests.xctest */;
			productType = "com.apple.product-type.bundle.ui-testing";
		};
/* End PBXNativeTarget section */

/* Begin PBXProject section */
		D6F56D432A34CBAB0084EBDA /* Project object */ = {
			isa = PBXProject;
			attributes = {
				BuildIndependentTargetsInParallel = 1;
				LastSwiftUpdateCheck = 1420;
				LastUpgradeCheck = 1420;
				TargetAttributes = {
					D6F56D4A2A34CBAB0084EBDA = {
						CreatedOnToolsVersion = 14.2;
					};
					D6F56D602A34CBAC0084EBDA = {
						CreatedOnToolsVersion = 14.2;
						TestTargetID = D6F56D4A2A34CBAB0084EBDA;
					};
					D6F56D6A2A34CBAD0084EBDA = {
						CreatedOnToolsVersion = 14.2;
						TestTargetID = D6F56D4A2A34CBAB0084EBDA;
					};
				};
			};
			buildConfigurationList = D6F56D462A34CBAB0084EBDA /* Build configuration list for PBXProject "Modulo2" */;
			compatibilityVersion = "Xcode 14.0";
			developmentRegion = en;
			hasScannedForEncodings = 0;
			knownRegions = (
				en,
				Base,
			);
			mainGroup = D6F56D422A34CBAB0084EBDA;
			productRefGroup = D6F56D4C2A34CBAB0084EBDA /* Products */;
			projectDirPath = "";
			projectRoot = "";
			targets = (
				D6F56D4A2A34CBAB0084EBDA /* Modulo2 */,
				D6F56D602A34CBAC0084EBDA /* Modulo2Tests */,
				D6F56D6A2A34CBAD0084EBDA /* Modulo2UITests */,
			);
		};
/* End PBXProject section */

/* Begin PBXResourcesBuildPhase section */
		D6F56D492A34CBAB0084EBDA /* Resources */ = {
			isa = PBXResourcesBuildPhase;
			buildActionMask = 2147483647;
			files = (
				D6F56D5B2A34CBAC0084EBDA /* LaunchScreen.storyboard in Resources */,
				D6F56D832A34F8060084EBDA /* SignUpLocalizable.strings in Resources */,
				D6F56D582A34CBAC0084EBDA /* Assets.xcassets in Resources */,
				D69D2C1A2A3E302D004E689F /* LoginLocalizable.strings in Resources */,
			);
			runOnlyForDeploymentPostprocessing = 0;
		};
		D6F56D5F2A34CBAC0084EBDA /* Resources */ = {
			isa = PBXResourcesBuildPhase;
			buildActionMask = 2147483647;
			files = (
			);
			runOnlyForDeploymentPostprocessing = 0;
		};
		D6F56D692A34CBAD0084EBDA /* Resources */ = {
			isa = PBXResourcesBuildPhase;
			buildActionMask = 2147483647;
			files = (
			);
			runOnlyForDeploymentPostprocessing = 0;
		};
/* End PBXResourcesBuildPhase section */

/* Begin PBXSourcesBuildPhase section */
		D6F56D472A34CBAB0084EBDA /* Sources */ = {
			isa = PBXSourcesBuildPhase;
			buildActionMask = 2147483647;
			files = (
				D6F56D942A350C740084EBDA /* LoginViewController.swift in Sources */,
				D69D2C2B2A3E4303004E689F /* LoginPresenterProtocol.swift in Sources */,
				D6F56D872A34F8D10084EBDA /* String+Extensions.swift in Sources */,
				D6F56D912A34FAE10084EBDA /* SignUpLocalizableKeys.swift in Sources */,
				D69D2C182A3E0616004E689F /* SignUpFromScratchViewController.swift in Sources */,
				D6CB573F2A477DC0000768C2 /* UserInformation.swift in Sources */,
				D6F56D7F2A34F4DA0084EBDA /* LocalizableProtocol.swift in Sources */,
				D69D2C272A3E3BC5004E689F /* AlertMessage.swift in Sources */,
				D6F56D532A34CBAB0084EBDA /* SignUpViewController.swift in Sources */,
				D69D2C1D2A3E3072004E689F /* LoginLocalizable.swift in Sources */,
				D69D2C292A3E42EC004E689F /* LoginViewProtocol.swift in Sources */,
				D6F56D892A34F8ED0084EBDA /* UITextField+Extensions.swift in Sources */,
				D69D2C1F2A3E309E004E689F /* LoginLocalizableKeys.swift in Sources */,
				D69D2C2D2A3E4388004E689F /* LoginPresenter.swift in Sources */,
				D6F56D4F2A34CBAB0084EBDA /* AppDelegate.swift in Sources */,
				D69D2C242A3E3B9C004E689F /* UIViewController+Extensions.swift in Sources */,
				D6F56D512A34CBAB0084EBDA /* SceneDelegate.swift in Sources */,
				D69D2C222A3E3B40004E689F /* HomeViewController.swift in Sources */,
				D6F56D8F2A34FA890084EBDA /* SignUpLocalizable.swift in Sources */,
				D6966E6F2A4773F800374EB3 /* UserInformationTableViewCell.swift in Sources */,
			);
			runOnlyForDeploymentPostprocessing = 0;
		};
		D6F56D5D2A34CBAC0084EBDA /* Sources */ = {
			isa = PBXSourcesBuildPhase;
			buildActionMask = 2147483647;
			files = (
				D6F56D662A34CBAC0084EBDA /* Modulo2Tests.swift in Sources */,
			);
			runOnlyForDeploymentPostprocessing = 0;
		};
		D6F56D672A34CBAD0084EBDA /* Sources */ = {
			isa = PBXSourcesBuildPhase;
			buildActionMask = 2147483647;
			files = (
				D6F56D702A34CBAD0084EBDA /* Modulo2UITests.swift in Sources */,
				D6F56D722A34CBAD0084EBDA /* Modulo2UITestsLaunchTests.swift in Sources */,
			);
			runOnlyForDeploymentPostprocessing = 0;
		};
/* End PBXSourcesBuildPhase section */

/* Begin PBXTargetDependency section */
		D6F56D632A34CBAC0084EBDA /* PBXTargetDependency */ = {
			isa = PBXTargetDependency;
			target = D6F56D4A2A34CBAB0084EBDA /* Modulo2 */;
			targetProxy = D6F56D622A34CBAC0084EBDA /* PBXContainerItemProxy */;
		};
		D6F56D6D2A34CBAD0084EBDA /* PBXTargetDependency */ = {
			isa = PBXTargetDependency;
			target = D6F56D4A2A34CBAB0084EBDA /* Modulo2 */;
			targetProxy = D6F56D6C2A34CBAD0084EBDA /* PBXContainerItemProxy */;
		};
/* End PBXTargetDependency section */

/* Begin PBXVariantGroup section */
		D6F56D592A34CBAC0084EBDA /* LaunchScreen.storyboard */ = {
			isa = PBXVariantGroup;
			children = (
				D6F56D5A2A34CBAC0084EBDA /* Base */,
			);
			name = LaunchScreen.storyboard;
			sourceTree = "<group>";
		};
/* End PBXVariantGroup section */

/* Begin XCBuildConfiguration section */
		D6F56D732A34CBAD0084EBDA /* Debug */ = {
			isa = XCBuildConfiguration;
			buildSettings = {
				ALWAYS_SEARCH_USER_PATHS = NO;
				CLANG_ANALYZER_NONNULL = YES;
				CLANG_ANALYZER_NUMBER_OBJECT_CONVERSION = YES_AGGRESSIVE;
				CLANG_CXX_LANGUAGE_STANDARD = "gnu++20";
				CLANG_ENABLE_MODULES = YES;
				CLANG_ENABLE_OBJC_ARC = YES;
				CLANG_ENABLE_OBJC_WEAK = YES;
				CLANG_WARN_BLOCK_CAPTURE_AUTORELEASING = YES;
				CLANG_WARN_BOOL_CONVERSION = YES;
				CLANG_WARN_COMMA = YES;
				CLANG_WARN_CONSTANT_CONVERSION = YES;
				CLANG_WARN_DEPRECATED_OBJC_IMPLEMENTATIONS = YES;
				CLANG_WARN_DIRECT_OBJC_ISA_USAGE = YES_ERROR;
				CLANG_WARN_DOCUMENTATION_COMMENTS = YES;
				CLANG_WARN_EMPTY_BODY = YES;
				CLANG_WARN_ENUM_CONVERSION = YES;
				CLANG_WARN_INFINITE_RECURSION = YES;
				CLANG_WARN_INT_CONVERSION = YES;
				CLANG_WARN_NON_LITERAL_NULL_CONVERSION = YES;
				CLANG_WARN_OBJC_IMPLICIT_RETAIN_SELF = YES;
				CLANG_WARN_OBJC_LITERAL_CONVERSION = YES;
				CLANG_WARN_OBJC_ROOT_CLASS = YES_ERROR;
				CLANG_WARN_QUOTED_INCLUDE_IN_FRAMEWORK_HEADER = YES;
				CLANG_WARN_RANGE_LOOP_ANALYSIS = YES;
				CLANG_WARN_STRICT_PROTOTYPES = YES;
				CLANG_WARN_SUSPICIOUS_MOVE = YES;
				CLANG_WARN_UNGUARDED_AVAILABILITY = YES_AGGRESSIVE;
				CLANG_WARN_UNREACHABLE_CODE = YES;
				CLANG_WARN__DUPLICATE_METHOD_MATCH = YES;
				COPY_PHASE_STRIP = NO;
				DEBUG_INFORMATION_FORMAT = dwarf;
				ENABLE_STRICT_OBJC_MSGSEND = YES;
				ENABLE_TESTABILITY = YES;
				GCC_C_LANGUAGE_STANDARD = gnu11;
				GCC_DYNAMIC_NO_PIC = NO;
				GCC_NO_COMMON_BLOCKS = YES;
				GCC_OPTIMIZATION_LEVEL = 0;
				GCC_PREPROCESSOR_DEFINITIONS = (
					"DEBUG=1",
					"$(inherited)",
				);
				GCC_WARN_64_TO_32_BIT_CONVERSION = YES;
				GCC_WARN_ABOUT_RETURN_TYPE = YES_ERROR;
				GCC_WARN_UNDECLARED_SELECTOR = YES;
				GCC_WARN_UNINITIALIZED_AUTOS = YES_AGGRESSIVE;
				GCC_WARN_UNUSED_FUNCTION = YES;
				GCC_WARN_UNUSED_VARIABLE = YES;
				IPHONEOS_DEPLOYMENT_TARGET = 16.2;
				MTL_ENABLE_DEBUG_INFO = INCLUDE_SOURCE;
				MTL_FAST_MATH = YES;
				ONLY_ACTIVE_ARCH = YES;
				SDKROOT = iphoneos;
				SWIFT_ACTIVE_COMPILATION_CONDITIONS = DEBUG;
				SWIFT_OPTIMIZATION_LEVEL = "-Onone";
			};
			name = Debug;
		};
		D6F56D742A34CBAD0084EBDA /* Release */ = {
			isa = XCBuildConfiguration;
			buildSettings = {
				ALWAYS_SEARCH_USER_PATHS = NO;
				CLANG_ANALYZER_NONNULL = YES;
				CLANG_ANALYZER_NUMBER_OBJECT_CONVERSION = YES_AGGRESSIVE;
				CLANG_CXX_LANGUAGE_STANDARD = "gnu++20";
				CLANG_ENABLE_MODULES = YES;
				CLANG_ENABLE_OBJC_ARC = YES;
				CLANG_ENABLE_OBJC_WEAK = YES;
				CLANG_WARN_BLOCK_CAPTURE_AUTORELEASING = YES;
				CLANG_WARN_BOOL_CONVERSION = YES;
				CLANG_WARN_COMMA = YES;
				CLANG_WARN_CONSTANT_CONVERSION = YES;
				CLANG_WARN_DEPRECATED_OBJC_IMPLEMENTATIONS = YES;
				CLANG_WARN_DIRECT_OBJC_ISA_USAGE = YES_ERROR;
				CLANG_WARN_DOCUMENTATION_COMMENTS = YES;
				CLANG_WARN_EMPTY_BODY = YES;
				CLANG_WARN_ENUM_CONVERSION = YES;
				CLANG_WARN_INFINITE_RECURSION = YES;
				CLANG_WARN_INT_CONVERSION = YES;
				CLANG_WARN_NON_LITERAL_NULL_CONVERSION = YES;
				CLANG_WARN_OBJC_IMPLICIT_RETAIN_SELF = YES;
				CLANG_WARN_OBJC_LITERAL_CONVERSION = YES;
				CLANG_WARN_OBJC_ROOT_CLASS = YES_ERROR;
				CLANG_WARN_QUOTED_INCLUDE_IN_FRAMEWORK_HEADER = YES;
				CLANG_WARN_RANGE_LOOP_ANALYSIS = YES;
				CLANG_WARN_STRICT_PROTOTYPES = YES;
				CLANG_WARN_SUSPICIOUS_MOVE = YES;
				CLANG_WARN_UNGUARDED_AVAILABILITY = YES_AGGRESSIVE;
				CLANG_WARN_UNREACHABLE_CODE = YES;
				CLANG_WARN__DUPLICATE_METHOD_MATCH = YES;
				COPY_PHASE_STRIP = NO;
				DEBUG_INFORMATION_FORMAT = "dwarf-with-dsym";
				ENABLE_NS_ASSERTIONS = NO;
				ENABLE_STRICT_OBJC_MSGSEND = YES;
				GCC_C_LANGUAGE_STANDARD = gnu11;
				GCC_NO_COMMON_BLOCKS = YES;
				GCC_WARN_64_TO_32_BIT_CONVERSION = YES;
				GCC_WARN_ABOUT_RETURN_TYPE = YES_ERROR;
				GCC_WARN_UNDECLARED_SELECTOR = YES;
				GCC_WARN_UNINITIALIZED_AUTOS = YES_AGGRESSIVE;
				GCC_WARN_UNUSED_FUNCTION = YES;
				GCC_WARN_UNUSED_VARIABLE = YES;
				IPHONEOS_DEPLOYMENT_TARGET = 16.2;
				MTL_ENABLE_DEBUG_INFO = NO;
				MTL_FAST_MATH = YES;
				SDKROOT = iphoneos;
				SWIFT_COMPILATION_MODE = wholemodule;
				SWIFT_OPTIMIZATION_LEVEL = "-O";
				VALIDATE_PRODUCT = YES;
			};
			name = Release;
		};
		D6F56D762A34CBAD0084EBDA /* Debug */ = {
			isa = XCBuildConfiguration;
			buildSettings = {
				ASSETCATALOG_COMPILER_APPICON_NAME = AppIcon;
				ASSETCATALOG_COMPILER_GLOBAL_ACCENT_COLOR_NAME = AccentColor;
				CODE_SIGN_STYLE = Automatic;
				CURRENT_PROJECT_VERSION = 1;
				GENERATE_INFOPLIST_FILE = YES;
				INFOPLIST_FILE = Modulo2/Info.plist;
				INFOPLIST_KEY_UIApplicationSupportsIndirectInputEvents = YES;
				INFOPLIST_KEY_UILaunchStoryboardName = LaunchScreen;
				INFOPLIST_KEY_UISupportedInterfaceOrientations_iPad = "UIInterfaceOrientationPortrait UIInterfaceOrientationPortraitUpsideDown UIInterfaceOrientationLandscapeLeft UIInterfaceOrientationLandscapeRight";
				INFOPLIST_KEY_UISupportedInterfaceOrientations_iPhone = "UIInterfaceOrientationPortrait UIInterfaceOrientationLandscapeLeft UIInterfaceOrientationLandscapeRight";
				LD_RUNPATH_SEARCH_PATHS = (
					"$(inherited)",
					"@executable_path/Frameworks",
				);
				MARKETING_VERSION = 1.0;
				PRODUCT_BUNDLE_IDENTIFIER = mx.mobilestudio.Modulo2;
				PRODUCT_NAME = "$(TARGET_NAME)";
				SWIFT_EMIT_LOC_STRINGS = YES;
				SWIFT_VERSION = 5.0;
				TARGETED_DEVICE_FAMILY = "1,2";
			};
			name = Debug;
		};
		D6F56D772A34CBAD0084EBDA /* Release */ = {
			isa = XCBuildConfiguration;
			buildSettings = {
				ASSETCATALOG_COMPILER_APPICON_NAME = AppIcon;
				ASSETCATALOG_COMPILER_GLOBAL_ACCENT_COLOR_NAME = AccentColor;
				CODE_SIGN_STYLE = Automatic;
				CURRENT_PROJECT_VERSION = 1;
				GENERATE_INFOPLIST_FILE = YES;
				INFOPLIST_FILE = Modulo2/Info.plist;
				INFOPLIST_KEY_UIApplicationSupportsIndirectInputEvents = YES;
				INFOPLIST_KEY_UILaunchStoryboardName = LaunchScreen;
				INFOPLIST_KEY_UISupportedInterfaceOrientations_iPad = "UIInterfaceOrientationPortrait UIInterfaceOrientationPortraitUpsideDown UIInterfaceOrientationLandscapeLeft UIInterfaceOrientationLandscapeRight";
				INFOPLIST_KEY_UISupportedInterfaceOrientations_iPhone = "UIInterfaceOrientationPortrait UIInterfaceOrientationLandscapeLeft UIInterfaceOrientationLandscapeRight";
				LD_RUNPATH_SEARCH_PATHS = (
					"$(inherited)",
					"@executable_path/Frameworks",
				);
				MARKETING_VERSION = 1.0;
				PRODUCT_BUNDLE_IDENTIFIER = mx.mobilestudio.Modulo2;
				PRODUCT_NAME = "$(TARGET_NAME)";
				SWIFT_EMIT_LOC_STRINGS = YES;
				SWIFT_VERSION = 5.0;
				TARGETED_DEVICE_FAMILY = "1,2";
			};
			name = Release;
		};
		D6F56D792A34CBAD0084EBDA /* Debug */ = {
			isa = XCBuildConfiguration;
			buildSettings = {
				ALWAYS_EMBED_SWIFT_STANDARD_LIBRARIES = YES;
				BUNDLE_LOADER = "$(TEST_HOST)";
				CODE_SIGN_STYLE = Automatic;
				CURRENT_PROJECT_VERSION = 1;
				GENERATE_INFOPLIST_FILE = YES;
				IPHONEOS_DEPLOYMENT_TARGET = 16.2;
				MARKETING_VERSION = 1.0;
				PRODUCT_BUNDLE_IDENTIFIER = mx.mobilestudio.Modulo2Tests;
				PRODUCT_NAME = "$(TARGET_NAME)";
				SWIFT_EMIT_LOC_STRINGS = NO;
				SWIFT_VERSION = 5.0;
				TARGETED_DEVICE_FAMILY = "1,2";
				TEST_HOST = "$(BUILT_PRODUCTS_DIR)/Modulo2.app/$(BUNDLE_EXECUTABLE_FOLDER_PATH)/Modulo2";
			};
			name = Debug;
		};
		D6F56D7A2A34CBAD0084EBDA /* Release */ = {
			isa = XCBuildConfiguration;
			buildSettings = {
				ALWAYS_EMBED_SWIFT_STANDARD_LIBRARIES = YES;
				BUNDLE_LOADER = "$(TEST_HOST)";
				CODE_SIGN_STYLE = Automatic;
				CURRENT_PROJECT_VERSION = 1;
				GENERATE_INFOPLIST_FILE = YES;
				IPHONEOS_DEPLOYMENT_TARGET = 16.2;
				MARKETING_VERSION = 1.0;
				PRODUCT_BUNDLE_IDENTIFIER = mx.mobilestudio.Modulo2Tests;
				PRODUCT_NAME = "$(TARGET_NAME)";
				SWIFT_EMIT_LOC_STRINGS = NO;
				SWIFT_VERSION = 5.0;
				TARGETED_DEVICE_FAMILY = "1,2";
				TEST_HOST = "$(BUILT_PRODUCTS_DIR)/Modulo2.app/$(BUNDLE_EXECUTABLE_FOLDER_PATH)/Modulo2";
			};
			name = Release;
		};
		D6F56D7C2A34CBAD0084EBDA /* Debug */ = {
			isa = XCBuildConfiguration;
			buildSettings = {
				ALWAYS_EMBED_SWIFT_STANDARD_LIBRARIES = YES;
				CODE_SIGN_STYLE = Automatic;
				CURRENT_PROJECT_VERSION = 1;
				GENERATE_INFOPLIST_FILE = YES;
				MARKETING_VERSION = 1.0;
				PRODUCT_BUNDLE_IDENTIFIER = mx.mobilestudio.Modulo2UITests;
				PRODUCT_NAME = "$(TARGET_NAME)";
				SWIFT_EMIT_LOC_STRINGS = NO;
				SWIFT_VERSION = 5.0;
				TARGETED_DEVICE_FAMILY = "1,2";
				TEST_TARGET_NAME = Modulo2;
			};
			name = Debug;
		};
		D6F56D7D2A34CBAD0084EBDA /* Release */ = {
			isa = XCBuildConfiguration;
			buildSettings = {
				ALWAYS_EMBED_SWIFT_STANDARD_LIBRARIES = YES;
				CODE_SIGN_STYLE = Automatic;
				CURRENT_PROJECT_VERSION = 1;
				GENERATE_INFOPLIST_FILE = YES;
				MARKETING_VERSION = 1.0;
				PRODUCT_BUNDLE_IDENTIFIER = mx.mobilestudio.Modulo2UITests;
				PRODUCT_NAME = "$(TARGET_NAME)";
				SWIFT_EMIT_LOC_STRINGS = NO;
				SWIFT_VERSION = 5.0;
				TARGETED_DEVICE_FAMILY = "1,2";
				TEST_TARGET_NAME = Modulo2;
			};
			name = Release;
		};
/* End XCBuildConfiguration section */

/* Begin XCConfigurationList section */
		D6F56D462A34CBAB0084EBDA /* Build configuration list for PBXProject "Modulo2" */ = {
			isa = XCConfigurationList;
			buildConfigurations = (
				D6F56D732A34CBAD0084EBDA /* Debug */,
				D6F56D742A34CBAD0084EBDA /* Release */,
			);
			defaultConfigurationIsVisible = 0;
			defaultConfigurationName = Release;
		};
		D6F56D752A34CBAD0084EBDA /* Build configuration list for PBXNativeTarget "Modulo2" */ = {
			isa = XCConfigurationList;
			buildConfigurations = (
				D6F56D762A34CBAD0084EBDA /* Debug */,
				D6F56D772A34CBAD0084EBDA /* Release */,
			);
			defaultConfigurationIsVisible = 0;
			defaultConfigurationName = Release;
		};
		D6F56D782A34CBAD0084EBDA /* Build configuration list for PBXNativeTarget "Modulo2Tests" */ = {
			isa = XCConfigurationList;
			buildConfigurations = (
				D6F56D792A34CBAD0084EBDA /* Debug */,
				D6F56D7A2A34CBAD0084EBDA /* Release */,
			);
			defaultConfigurationIsVisible = 0;
			defaultConfigurationName = Release;
		};
		D6F56D7B2A34CBAD0084EBDA /* Build configuration list for PBXNativeTarget "Modulo2UITests" */ = {
			isa = XCConfigurationList;
			buildConfigurations = (
				D6F56D7C2A34CBAD0084EBDA /* Debug */,
				D6F56D7D2A34CBAD0084EBDA /* Release */,
			);
			defaultConfigurationIsVisible = 0;
			defaultConfigurationName = Release;
		};
/* End XCConfigurationList section */
	};
	rootObject = D6F56D432A34CBAB0084EBDA /* Project object */;
}
