// !$*UTF8*$!
{
	archiveVersion = 1;
	classes = {
	};
	objectVersion = 56;
	objects = {

/* Begin PBXBuildFile section */
		D615BB472A59BB6C00D8238D /* UIHeightResizableTableView.swift in Sources */ = {isa = PBXBuildFile; fileRef = D615BB462A59BB6C00D8238D /* UIHeightResizableTableView.swift */; };
		D615BB4E2A59CB9500D8238D /* UIFont+Extensions.swift in Sources */ = {isa = PBXBuildFile; fileRef = D615BB4D2A59CB9500D8238D /* UIFont+Extensions.swift */; };
		D615BB502A59E5C700D8238D /* CoffeeShopServices.swift in Sources */ = {isa = PBXBuildFile; fileRef = D615BB4F2A59E5C700D8238D /* CoffeeShopServices.swift */; };
		D615BB542A59E7C000D8238D /* UICoffeeShopCardView.swift in Sources */ = {isa = PBXBuildFile; fileRef = D615BB532A59E7C000D8238D /* UICoffeeShopCardView.swift */; };
		D615BB562A59F6D400D8238D /* CoffeeShopPresenterProtocol.swift in Sources */ = {isa = PBXBuildFile; fileRef = D615BB552A59F6D400D8238D /* CoffeeShopPresenterProtocol.swift */; };
		D615BB582A59F6E600D8238D /* CoffeeShopViewProtocol.swift in Sources */ = {isa = PBXBuildFile; fileRef = D615BB572A59F6E600D8238D /* CoffeeShopViewProtocol.swift */; };
		D6966E6F2A4773F800374EB3 /* CoffeeShopTableViewCell.swift in Sources */ = {isa = PBXBuildFile; fileRef = D6966E6E2A4773F800374EB3 /* CoffeeShopTableViewCell.swift */; };
		D69D2C182A3E0616004E689F /* SignUpFromScratchViewController.swift in Sources */ = {isa = PBXBuildFile; fileRef = D69D2C172A3E0616004E689F /* SignUpFromScratchViewController.swift */; };
		D69D2C1A2A3E302D004E689F /* LoginLocalizable.strings in Resources */ = {isa = PBXBuildFile; fileRef = D69D2C192A3E302D004E689F /* LoginLocalizable.strings */; };
		D69D2C1D2A3E3072004E689F /* LoginLocalizable.swift in Sources */ = {isa = PBXBuildFile; fileRef = D69D2C1C2A3E3072004E689F /* LoginLocalizable.swift */; };
		D69D2C1F2A3E309E004E689F /* LoginLocalizableKeys.swift in Sources */ = {isa = PBXBuildFile; fileRef = D69D2C1E2A3E309E004E689F /* LoginLocalizableKeys.swift */; };
		D69D2C222A3E3B40004E689F /* HomeViewController.swift in Sources */ = {isa = PBXBuildFile; fileRef = D69D2C212A3E3B40004E689F /* HomeViewController.swift */; };
		D69D2C242A3E3B9C004E689F /* UIViewController+Extensions.swift in Sources */ = {isa = PBXBuildFile; fileRef = D69D2C232A3E3B9C004E689F /* UIViewController+Extensions.swift */; };
		D69D2C272A3E3BC5004E689F /* AlertMessage.swift in Sources */ = {isa = PBXBuildFile; fileRef = D69D2C262A3E3BC5004E689F /* AlertMessage.swift */; };
		D69D2C292A3E42EC004E689F /* LoginViewProtocol.swift in Sources */ = {isa = PBXBuildFile; fileRef = D69D2C282A3E42EC004E689F /* LoginViewProtocol.swift */; };
		D69D2C2B2A3E4303004E689F /* LoginPresenterProtocol.swift in Sources */ = {isa = PBXBuildFile; fileRef = D69D2C2A2A3E4303004E689F /* LoginPresenterProtocol.swift */; };
		D69D2C2D2A3E4388004E689F /* LoginPresenter.swift in Sources */ = {isa = PBXBuildFile; fileRef = D69D2C2C2A3E4388004E689F /* LoginPresenter.swift */; };
		D6CB573F2A477DC0000768C2 /* CoffeeShopView.swift in Sources */ = {isa = PBXBuildFile; fileRef = D6CB573E2A477DC0000768C2 /* CoffeeShopView.swift */; };
		D6F56D4F2A34CBAB0084EBDA /* AppDelegate.swift in Sources */ = {isa = PBXBuildFile; fileRef = D6F56D4E2A34CBAB0084EBDA /* AppDelegate.swift */; };
		D6F56D512A34CBAB0084EBDA /* SceneDelegate.swift in Sources */ = {isa = PBXBuildFile; fileRef = D6F56D502A34CBAB0084EBDA /* SceneDelegate.swift */; };
		D6F56D532A34CBAB0084EBDA /* SignUpViewController.swift in Sources */ = {isa = PBXBuildFile; fileRef = D6F56D522A34CBAB0084EBDA /* SignUpViewController.swift */; };
		D6F56D582A34CBAC0084EBDA /* Assets.xcassets in Resources */ = {isa = PBXBuildFile; fileRef = D6F56D572A34CBAC0084EBDA /* Assets.xcassets */; };
		D6F56D5B2A34CBAC0084EBDA /* LaunchScreen.storyboard in Resources */ = {isa = PBXBuildFile; fileRef = D6F56D592A34CBAC0084EBDA /* LaunchScreen.storyboard */; };
		D6F56D662A34CBAC0084EBDA /* Modulo2Tests.swift in Sources */ = {isa = PBXBuildFile; fileRef = D6F56D652A34CBAC0084EBDA /* Modulo2Tests.swift */; };
		D6F56D702A34CBAD0084EBDA /* Modulo2UITests.swift in Sources */ = {isa = PBXBuildFile; fileRef = D6F56D6F2A34CBAD0084EBDA /* Modulo2UITests.swift */; };
		D6F56D722A34CBAD0084EBDA /* Modulo2UITestsLaunchTests.swift in Sources */ = {isa = PBXBuildFile; fileRef = D6F56D712A34CBAD0084EBDA /* Modulo2UITestsLaunchTests.swift */; };
		D6F56D7F2A34F4DA0084EBDA /* LocalizableProtocol.swift in Sources */ = {isa = PBXBuildFile; fileRef = D6F56D7E2A34F4DA0084EBDA /* LocalizableProtocol.swift */; };
		D6F56D832A34F8060084EBDA /* SignUpLocalizable.strings in Resources */ = {isa = PBXBuildFile; fileRef = D6F56D822A34F8060084EBDA /* SignUpLocalizable.strings */; };
		D6F56D872A34F8D10084EBDA /* String+Extensions.swift in Sources */ = {isa = PBXBuildFile; fileRef = D6F56D862A34F8D10084EBDA /* String+Extensions.swift */; };
		D6F56D892A34F8ED0084EBDA /* UITextField+Extensions.swift in Sources */ = {isa = PBXBuildFile; fileRef = D6F56D882A34F8ED0084EBDA /* UITextField+Extensions.swift */; };
		D6F56D8F2A34FA890084EBDA /* SignUpLocalizable.swift in Sources */ = {isa = PBXBuildFile; fileRef = D6F56D8E2A34FA890084EBDA /* SignUpLocalizable.swift */; };
		D6F56D912A34FAE10084EBDA /* SignUpLocalizableKeys.swift in Sources */ = {isa = PBXBuildFile; fileRef = D6F56D902A34FAE10084EBDA /* SignUpLocalizableKeys.swift */; };
		D6F56D942A350C740084EBDA /* LoginViewController.swift in Sources */ = {isa = PBXBuildFile; fileRef = D6F56D932A350C740084EBDA /* LoginViewController.swift */; };
		DF604E7F2A6C54EE00CEA365 /* CoffeeShop.swift in Sources */ = {isa = PBXBuildFile; fileRef = DF604E7E2A6C54EE00CEA365 /* CoffeeShop.swift */; };
		DF604E822A6C565400CEA365 /* HomeModule.swift in Sources */ = {isa = PBXBuildFile; fileRef = DF604E812A6C565400CEA365 /* HomeModule.swift */; };
		DF604E852A6C5C3700CEA365 /* Mapper.swift in Sources */ = {isa = PBXBuildFile; fileRef = DF604E842A6C5C3700CEA365 /* Mapper.swift */; };
		DF604E882A6C5D0000CEA365 /* LocationToLocationStringMapper.swift in Sources */ = {isa = PBXBuildFile; fileRef = DF604E872A6C5D0000CEA365 /* LocationToLocationStringMapper.swift */; };
		DF604E8A2A6C5DAC00CEA365 /* LocationMapper+Extensions.swift in Sources */ = {isa = PBXBuildFile; fileRef = DF604E892A6C5DAC00CEA365 /* LocationMapper+Extensions.swift */; };
		DF604E8C2A6C662200CEA365 /* CoffeeShopsResponse.swift in Sources */ = {isa = PBXBuildFile; fileRef = DF604E8B2A6C662200CEA365 /* CoffeeShopsResponse.swift */; };
		DF604E8E2A6C673F00CEA365 /* CoffeeShopItem.swift in Sources */ = {isa = PBXBuildFile; fileRef = DF604E8D2A6C673E00CEA365 /* CoffeeShopItem.swift */; };
		DF604E902A6C6AA900CEA365 /* HomeDataSourceProtocol.swift in Sources */ = {isa = PBXBuildFile; fileRef = DF604E8F2A6C6AA900CEA365 /* HomeDataSourceProtocol.swift */; };
		DF604E922A6C6AE000CEA365 /* LocationParams.swift in Sources */ = {isa = PBXBuildFile; fileRef = DF604E912A6C6AE000CEA365 /* LocationParams.swift */; };
		DF604E942A6C6B3800CEA365 /* HomeDataSource.swift in Sources */ = {isa = PBXBuildFile; fileRef = DF604E932A6C6B3800CEA365 /* HomeDataSource.swift */; };
		DF604E962A6C6B8400CEA365 /* HomeActionResult.swift in Sources */ = {isa = PBXBuildFile; fileRef = DF604E952A6C6B8400CEA365 /* HomeActionResult.swift */; };
		DF604E982A6C6C3000CEA365 /* CoffeeAppError.swift in Sources */ = {isa = PBXBuildFile; fileRef = DF604E972A6C6C3000CEA365 /* CoffeeAppError.swift */; };
		DF604E9B2A7EA0C600CEA365 /* NetworkManager.swift in Sources */ = {isa = PBXBuildFile; fileRef = DF604E9A2A7EA0C600CEA365 /* NetworkManager.swift */; };
		DF604E9D2A7EA77B00CEA365 /* NetworkConfig.swift in Sources */ = {isa = PBXBuildFile; fileRef = DF604E9C2A7EA77B00CEA365 /* NetworkConfig.swift */; };
		DF604E9F2A7EA8FA00CEA365 /* CoffeeShopsEndPoint.swift in Sources */ = {isa = PBXBuildFile; fileRef = DF604E9E2A7EA8FA00CEA365 /* CoffeeShopsEndPoint.swift */; };
		DF604EA22A7EAE6D00CEA365 /* CoffeeShopsEndPointProtocol.swift in Sources */ = {isa = PBXBuildFile; fileRef = DF604EA12A7EAE6D00CEA365 /* CoffeeShopsEndPointProtocol.swift */; };
		DF604EA52A7EB39100CEA365 /* CoffeeShopItemToCoffeeShopMapper.swift in Sources */ = {isa = PBXBuildFile; fileRef = DF604EA42A7EB39100CEA365 /* CoffeeShopItemToCoffeeShopMapper.swift */; };
		DF604EA72A7EB45400CEA365 /* CoffeeShopItem+Extensions.swift in Sources */ = {isa = PBXBuildFile; fileRef = DF604EA62A7EB45400CEA365 /* CoffeeShopItem+Extensions.swift */; };
		DF604EA92A7EB68E00CEA365 /* HomeRepositoryProtocol.swift in Sources */ = {isa = PBXBuildFile; fileRef = DF604EA82A7EB68E00CEA365 /* HomeRepositoryProtocol.swift */; };
		DF604EAB2A7EB6B700CEA365 /* HomeRepository.swift in Sources */ = {isa = PBXBuildFile; fileRef = DF604EAA2A7EB6B700CEA365 /* HomeRepository.swift */; };
		DF604EAD2A7EC0E200CEA365 /* CoffeeShopToCoffeeShopViewMapper.swift in Sources */ = {isa = PBXBuildFile; fileRef = DF604EAC2A7EC0E200CEA365 /* CoffeeShopToCoffeeShopViewMapper.swift */; };
		DF604EAF2A7EC17E00CEA365 /* StringToCoffeeShopServiceMapper.swift in Sources */ = {isa = PBXBuildFile; fileRef = DF604EAE2A7EC17E00CEA365 /* StringToCoffeeShopServiceMapper.swift */; };
		DF604EB12A7EC24600CEA365 /* CoffeeShop+Extensions.swift in Sources */ = {isa = PBXBuildFile; fileRef = DF604EB02A7EC24600CEA365 /* CoffeeShop+Extensions.swift */; };
		DF604EB32A7ED37D00CEA365 /* UIImageView+Extensions.swift in Sources */ = {isa = PBXBuildFile; fileRef = DF604EB22A7ED37D00CEA365 /* UIImageView+Extensions.swift */; };
		DF604EB72A7ED8C100CEA365 /* LocationDb.xcdatamodeld in Sources */ = {isa = PBXBuildFile; fileRef = DF604EB52A7ED8C100CEA365 /* LocationDb.xcdatamodeld */; };
		DF604EB92A7EDA5E00CEA365 /* LocationDatabase.swift in Sources */ = {isa = PBXBuildFile; fileRef = DF604EB82A7EDA5E00CEA365 /* LocationDatabase.swift */; };
		DF604EBC2A7EDB4900CEA365 /* LocationDaoProtocol.swift in Sources */ = {isa = PBXBuildFile; fileRef = DF604EBB2A7EDB4900CEA365 /* LocationDaoProtocol.swift */; };
		DF604EBE2A7EDBD900CEA365 /* LocationEntity.swift in Sources */ = {isa = PBXBuildFile; fileRef = DF604EBD2A7EDBD900CEA365 /* LocationEntity.swift */; };
		DF604EC12A7EDCF800CEA365 /* LocationSingleResult.swift in Sources */ = {isa = PBXBuildFile; fileRef = DF604EC02A7EDCF800CEA365 /* LocationSingleResult.swift */; };
		DF604EC32A7EDD5000CEA365 /* LocationComposedResult.swift in Sources */ = {isa = PBXBuildFile; fileRef = DF604EC22A7EDD5000CEA365 /* LocationComposedResult.swift */; };
		DF604EC52A7EDE7400CEA365 /* LocationDao.swift in Sources */ = {isa = PBXBuildFile; fileRef = DF604EC42A7EDE7400CEA365 /* LocationDao.swift */; };
		DF604EC82A7EDF5000CEA365 /* LocationEntityToLocationLocalMapper.swift in Sources */ = {isa = PBXBuildFile; fileRef = DF604EC72A7EDF5000CEA365 /* LocationEntityToLocationLocalMapper.swift */; };
		DF604EFB2A9A647F00CEA365 /* LocationEntity+Extension.swift in Sources */ = {isa = PBXBuildFile; fileRef = DF604EFA2A9A647F00CEA365 /* LocationEntity+Extension.swift */; };
		DF604EFD2A9A687000CEA365 /* LocationLocalToLocationEntityMapper.swift in Sources */ = {isa = PBXBuildFile; fileRef = DF604EFC2A9A687000CEA365 /* LocationLocalToLocationEntityMapper.swift */; };
		DF604F002A9A8F0D00CEA365 /* LocationEntityToLocationMapper.swift in Sources */ = {isa = PBXBuildFile; fileRef = DF604EFF2A9A8F0D00CEA365 /* LocationEntityToLocationMapper.swift */; };
		DF604F022A9A8F6500CEA365 /* Location+Extensions.swift in Sources */ = {isa = PBXBuildFile; fileRef = DF604F012A9A8F6500CEA365 /* Location+Extensions.swift */; };
		DF604F042A9A904D00CEA365 /* LocationProviderResult.swift in Sources */ = {isa = PBXBuildFile; fileRef = DF604F032A9A904D00CEA365 /* LocationProviderResult.swift */; };
		DF8569912A6C32890092CF82 /* CoffeeShopPresenter.swift in Sources */ = {isa = PBXBuildFile; fileRef = DF8569902A6C32890092CF82 /* CoffeeShopPresenter.swift */; };
		DF8569982A6C40370092CF82 /* HomePresenterProtocol.swift in Sources */ = {isa = PBXBuildFile; fileRef = DF8569972A6C40370092CF82 /* HomePresenterProtocol.swift */; };
		DF85699A2A6C40410092CF82 /* HomeViewProtocol.swift in Sources */ = {isa = PBXBuildFile; fileRef = DF8569992A6C40410092CF82 /* HomeViewProtocol.swift */; };
		DF85699E2A6C405A0092CF82 /* HomePresenter.swift in Sources */ = {isa = PBXBuildFile; fileRef = DF85699D2A6C405A0092CF82 /* HomePresenter.swift */; };
		DF8569A12A6C40D30092CF82 /* HomeRouterProtocol.swift in Sources */ = {isa = PBXBuildFile; fileRef = DF8569A02A6C40D30092CF82 /* HomeRouterProtocol.swift */; };
		DF8569A32A6C40DB0092CF82 /* HomeRouter.swift in Sources */ = {isa = PBXBuildFile; fileRef = DF8569A22A6C40DB0092CF82 /* HomeRouter.swift */; };
		DF8569AF2A6C417F0092CF82 /* LocationChooserViewController.swift in Sources */ = {isa = PBXBuildFile; fileRef = DF8569AE2A6C417F0092CF82 /* LocationChooserViewController.swift */; };
		DF8569B12A6C41990092CF82 /* LocationChooserRouterProtocol.swift in Sources */ = {isa = PBXBuildFile; fileRef = DF8569B02A6C41990092CF82 /* LocationChooserRouterProtocol.swift */; };
		DF8569B32A6C41BD0092CF82 /* LocationChooserRouter.swift in Sources */ = {isa = PBXBuildFile; fileRef = DF8569B22A6C41BD0092CF82 /* LocationChooserRouter.swift */; };
		DF8569B52A6C42590092CF82 /* LocationChooserPresenterProtocol.swift in Sources */ = {isa = PBXBuildFile; fileRef = DF8569B42A6C42590092CF82 /* LocationChooserPresenterProtocol.swift */; };
		DF8569B72A6C42C00092CF82 /* LocationChoosePresenter.swift in Sources */ = {isa = PBXBuildFile; fileRef = DF8569B62A6C42C00092CF82 /* LocationChoosePresenter.swift */; };
		DF8569B92A6C42D80092CF82 /* LocationChooserViewProtocol.swift in Sources */ = {isa = PBXBuildFile; fileRef = DF8569B82A6C42D80092CF82 /* LocationChooserViewProtocol.swift */; };
		DF8569BC2A6C42FD0092CF82 /* Location.swift in Sources */ = {isa = PBXBuildFile; fileRef = DF8569BB2A6C42FD0092CF82 /* Location.swift */; };
		DF8569BE2A6C445B0092CF82 /* LocationChooserRepositoryProtocol.swift in Sources */ = {isa = PBXBuildFile; fileRef = DF8569BD2A6C445B0092CF82 /* LocationChooserRepositoryProtocol.swift */; };
		DF8569C02A6C44640092CF82 /* LocationChooserRepository.swift in Sources */ = {isa = PBXBuildFile; fileRef = DF8569BF2A6C44640092CF82 /* LocationChooserRepository.swift */; };
		DF8569C22A6C44970092CF82 /* LocationChooserLocalDataSourceProtocol.swift in Sources */ = {isa = PBXBuildFile; fileRef = DF8569C12A6C44970092CF82 /* LocationChooserLocalDataSourceProtocol.swift */; };
		DF8569C42A6C44C20092CF82 /* LocationChooserLocalDataSource.swift in Sources */ = {isa = PBXBuildFile; fileRef = DF8569C32A6C44C20092CF82 /* LocationChooserLocalDataSource.swift */; };
		DF8569C82A6C4F490092CF82 /* LocationChooserModule.swift in Sources */ = {isa = PBXBuildFile; fileRef = DF8569C72A6C4F490092CF82 /* LocationChooserModule.swift */; };
		DF8569CA2A6C503D0092CF82 /* LocationProviderProtocol.swift in Sources */ = {isa = PBXBuildFile; fileRef = DF8569C92A6C503D0092CF82 /* LocationProviderProtocol.swift */; };
		DF8569CC2A6C50480092CF82 /* LocationProvider.swift in Sources */ = {isa = PBXBuildFile; fileRef = DF8569CB2A6C50480092CF82 /* LocationProvider.swift */; };
		DFCCEDFE2AA393430074E5B2 /* LocationObtainedResult.swift in Sources */ = {isa = PBXBuildFile; fileRef = DFCCEDFD2AA393430074E5B2 /* LocationObtainedResult.swift */; };
		DFCCEE002AA3976F0074E5B2 /* HomeLocalizable.strings in Resources */ = {isa = PBXBuildFile; fileRef = DFCCEDFF2AA3976F0074E5B2 /* HomeLocalizable.strings */; };
		DFCCEE032AA398810074E5B2 /* HomeLocalizable.swift in Sources */ = {isa = PBXBuildFile; fileRef = DFCCEE022AA398810074E5B2 /* HomeLocalizable.swift */; };
		DFCCEE062AA39B820074E5B2 /* LocationManager.swift in Sources */ = {isa = PBXBuildFile; fileRef = DFCCEE052AA39B820074E5B2 /* LocationManager.swift */; };
		DFCCEE092AA3A5CD0074E5B2 /* CLPlacemarkToLocationMapper.swift in Sources */ = {isa = PBXBuildFile; fileRef = DFCCEE082AA3A5CD0074E5B2 /* CLPlacemarkToLocationMapper.swift */; };
		DFCCEE0B2AA3A5E90074E5B2 /* GMSPlaceToLocationMapper.swift in Sources */ = {isa = PBXBuildFile; fileRef = DFCCEE0A2AA3A5E90074E5B2 /* GMSPlaceToLocationMapper.swift */; };
		DFCCEE0D2AA3AB100074E5B2 /* CLLocation+Extension.swift in Sources */ = {isa = PBXBuildFile; fileRef = DFCCEE0C2AA3AB100074E5B2 /* CLLocation+Extension.swift */; };
		DFCCEE0F2AA3AC5A0074E5B2 /* LocationConverterStrategyProtocol.swift in Sources */ = {isa = PBXBuildFile; fileRef = DFCCEE0E2AA3AC5A0074E5B2 /* LocationConverterStrategyProtocol.swift */; };
		DFCCEE112AA3AE090074E5B2 /* CoreLocationConverterStrategy.swift in Sources */ = {isa = PBXBuildFile; fileRef = DFCCEE102AA3AE090074E5B2 /* CoreLocationConverterStrategy.swift */; };
		DFCCEE152AA3B5BA0074E5B2 /* LocationManagerProtocol.swift in Sources */ = {isa = PBXBuildFile; fileRef = DFCCEE142AA3B5BA0074E5B2 /* LocationManagerProtocol.swift */; };
		DFCCEE182AA3B9690074E5B2 /* LocationPermissionResult.swift in Sources */ = {isa = PBXBuildFile; fileRef = DFCCEE172AA3B9690074E5B2 /* LocationPermissionResult.swift */; };
		DFCCEE1A2AA3B9910074E5B2 /* LocationStatus.swift in Sources */ = {isa = PBXBuildFile; fileRef = DFCCEE192AA3B9910074E5B2 /* LocationStatus.swift */; };
		DFCCEE1C2AA3B9D10074E5B2 /* LocationAuthorizationType.swift in Sources */ = {isa = PBXBuildFile; fileRef = DFCCEE1B2AA3B9D10074E5B2 /* LocationAuthorizationType.swift */; };
		DFCCEE1E2AA3BBF00074E5B2 /* LocationManagerLocalizable.strings in Resources */ = {isa = PBXBuildFile; fileRef = DFCCEE1D2AA3BBF00074E5B2 /* LocationManagerLocalizable.strings */; };
		DFCCEE212AA3BD590074E5B2 /* LocationManagerLocalizable.swift in Sources */ = {isa = PBXBuildFile; fileRef = DFCCEE202AA3BD590074E5B2 /* LocationManagerLocalizable.swift */; };
		DFCCEE232AA3BED00074E5B2 /* Coordinate.swift in Sources */ = {isa = PBXBuildFile; fileRef = DFCCEE222AA3BED00074E5B2 /* Coordinate.swift */; };
		DFCCEE252AA3BF530074E5B2 /* CLLocationToCoordinateMapper.swift in Sources */ = {isa = PBXBuildFile; fileRef = DFCCEE242AA3BF530074E5B2 /* CLLocationToCoordinateMapper.swift */; };
		DFCCEE272AA3CE660074E5B2 /* GMSPlace+Extensions.swift in Sources */ = {isa = PBXBuildFile; fileRef = DFCCEE262AA3CE660074E5B2 /* GMSPlace+Extensions.swift */; };
		DFCCEE742AAFF44C0074E5B2 /* LocationManagerModule.swift in Sources */ = {isa = PBXBuildFile; fileRef = DFCCEE732AAFF44C0074E5B2 /* LocationManagerModule.swift */; };
		DFCCEE862AB145A30074E5B2 /* LocationItemTableViewCell.swift in Sources */ = {isa = PBXBuildFile; fileRef = DFCCEE852AB145A30074E5B2 /* LocationItemTableViewCell.swift */; };
		DFCCEE882AB2A4930074E5B2 /* LocationSavedResult.swift in Sources */ = {isa = PBXBuildFile; fileRef = DFCCEE872AB2A4930074E5B2 /* LocationSavedResult.swift */; };
		EEED9D653892D56C5A0CF7B4 /* Pods_Modulo2.framework in Frameworks */ = {isa = PBXBuildFile; fileRef = 9CB3C5CF667D9259B92C3B58 /* Pods_Modulo2.framework */; };
/* End PBXBuildFile section */

/* Begin PBXContainerItemProxy section */
		D6F56D622A34CBAC0084EBDA /* PBXContainerItemProxy */ = {
			isa = PBXContainerItemProxy;
			containerPortal = D6F56D432A34CBAB0084EBDA /* Project object */;
			proxyType = 1;
			remoteGlobalIDString = D6F56D4A2A34CBAB0084EBDA;
			remoteInfo = Modulo2;
		};
		D6F56D6C2A34CBAD0084EBDA /* PBXContainerItemProxy */ = {
			isa = PBXContainerItemProxy;
			containerPortal = D6F56D432A34CBAB0084EBDA /* Project object */;
			proxyType = 1;
			remoteGlobalIDString = D6F56D4A2A34CBAB0084EBDA;
			remoteInfo = Modulo2;
		};
/* End PBXContainerItemProxy section */

/* Begin PBXFileReference section */
		5512CC36681255D501E89836 /* Pods-Modulo2.debug.xcconfig */ = {isa = PBXFileReference; includeInIndex = 1; lastKnownFileType = text.xcconfig; name = "Pods-Modulo2.debug.xcconfig"; path = "Target Support Files/Pods-Modulo2/Pods-Modulo2.debug.xcconfig"; sourceTree = "<group>"; };
		9CB3C5CF667D9259B92C3B58 /* Pods_Modulo2.framework */ = {isa = PBXFileReference; explicitFileType = wrapper.framework; includeInIndex = 0; path = Pods_Modulo2.framework; sourceTree = BUILT_PRODUCTS_DIR; };
		BE6FC0EF09E27FB3EA430CE0 /* Pods-Modulo2.release.xcconfig */ = {isa = PBXFileReference; includeInIndex = 1; lastKnownFileType = text.xcconfig; name = "Pods-Modulo2.release.xcconfig"; path = "Target Support Files/Pods-Modulo2/Pods-Modulo2.release.xcconfig"; sourceTree = "<group>"; };
		D615BB462A59BB6C00D8238D /* UIHeightResizableTableView.swift */ = {isa = PBXFileReference; lastKnownFileType = sourcecode.swift; path = UIHeightResizableTableView.swift; sourceTree = "<group>"; };
		D615BB4D2A59CB9500D8238D /* UIFont+Extensions.swift */ = {isa = PBXFileReference; lastKnownFileType = sourcecode.swift; path = "UIFont+Extensions.swift"; sourceTree = "<group>"; };
		D615BB4F2A59E5C700D8238D /* CoffeeShopServices.swift */ = {isa = PBXFileReference; lastKnownFileType = sourcecode.swift; path = CoffeeShopServices.swift; sourceTree = "<group>"; };
		D615BB532A59E7C000D8238D /* UICoffeeShopCardView.swift */ = {isa = PBXFileReference; lastKnownFileType = sourcecode.swift; path = UICoffeeShopCardView.swift; sourceTree = "<group>"; };
		D615BB552A59F6D400D8238D /* CoffeeShopPresenterProtocol.swift */ = {isa = PBXFileReference; lastKnownFileType = sourcecode.swift; path = CoffeeShopPresenterProtocol.swift; sourceTree = "<group>"; };
		D615BB572A59F6E600D8238D /* CoffeeShopViewProtocol.swift */ = {isa = PBXFileReference; lastKnownFileType = sourcecode.swift; path = CoffeeShopViewProtocol.swift; sourceTree = "<group>"; };
		D6966E6E2A4773F800374EB3 /* CoffeeShopTableViewCell.swift */ = {isa = PBXFileReference; lastKnownFileType = sourcecode.swift; path = CoffeeShopTableViewCell.swift; sourceTree = "<group>"; };
		D69D2C172A3E0616004E689F /* SignUpFromScratchViewController.swift */ = {isa = PBXFileReference; lastKnownFileType = sourcecode.swift; path = SignUpFromScratchViewController.swift; sourceTree = "<group>"; };
		D69D2C192A3E302D004E689F /* LoginLocalizable.strings */ = {isa = PBXFileReference; lastKnownFileType = text.plist.strings; path = LoginLocalizable.strings; sourceTree = "<group>"; };
		D69D2C1C2A3E3072004E689F /* LoginLocalizable.swift */ = {isa = PBXFileReference; lastKnownFileType = sourcecode.swift; path = LoginLocalizable.swift; sourceTree = "<group>"; };
		D69D2C1E2A3E309E004E689F /* LoginLocalizableKeys.swift */ = {isa = PBXFileReference; lastKnownFileType = sourcecode.swift; path = LoginLocalizableKeys.swift; sourceTree = "<group>"; };
		D69D2C212A3E3B40004E689F /* HomeViewController.swift */ = {isa = PBXFileReference; lastKnownFileType = sourcecode.swift; path = HomeViewController.swift; sourceTree = "<group>"; };
		D69D2C232A3E3B9C004E689F /* UIViewController+Extensions.swift */ = {isa = PBXFileReference; lastKnownFileType = sourcecode.swift; path = "UIViewController+Extensions.swift"; sourceTree = "<group>"; };
		D69D2C262A3E3BC5004E689F /* AlertMessage.swift */ = {isa = PBXFileReference; lastKnownFileType = sourcecode.swift; path = AlertMessage.swift; sourceTree = "<group>"; };
		D69D2C282A3E42EC004E689F /* LoginViewProtocol.swift */ = {isa = PBXFileReference; lastKnownFileType = sourcecode.swift; path = LoginViewProtocol.swift; sourceTree = "<group>"; };
		D69D2C2A2A3E4303004E689F /* LoginPresenterProtocol.swift */ = {isa = PBXFileReference; lastKnownFileType = sourcecode.swift; path = LoginPresenterProtocol.swift; sourceTree = "<group>"; };
		D69D2C2C2A3E4388004E689F /* LoginPresenter.swift */ = {isa = PBXFileReference; lastKnownFileType = sourcecode.swift; path = LoginPresenter.swift; sourceTree = "<group>"; };
		D6CB573E2A477DC0000768C2 /* CoffeeShopView.swift */ = {isa = PBXFileReference; lastKnownFileType = sourcecode.swift; path = CoffeeShopView.swift; sourceTree = "<group>"; };
		D6F56D4B2A34CBAB0084EBDA /* Modulo2.app */ = {isa = PBXFileReference; explicitFileType = wrapper.application; includeInIndex = 0; path = Modulo2.app; sourceTree = BUILT_PRODUCTS_DIR; };
		D6F56D4E2A34CBAB0084EBDA /* AppDelegate.swift */ = {isa = PBXFileReference; lastKnownFileType = sourcecode.swift; path = AppDelegate.swift; sourceTree = "<group>"; };
		D6F56D502A34CBAB0084EBDA /* SceneDelegate.swift */ = {isa = PBXFileReference; lastKnownFileType = sourcecode.swift; path = SceneDelegate.swift; sourceTree = "<group>"; };
		D6F56D522A34CBAB0084EBDA /* SignUpViewController.swift */ = {isa = PBXFileReference; lastKnownFileType = sourcecode.swift; path = SignUpViewController.swift; sourceTree = "<group>"; };
		D6F56D572A34CBAC0084EBDA /* Assets.xcassets */ = {isa = PBXFileReference; lastKnownFileType = folder.assetcatalog; path = Assets.xcassets; sourceTree = "<group>"; };
		D6F56D5A2A34CBAC0084EBDA /* Base */ = {isa = PBXFileReference; lastKnownFileType = file.storyboard; name = Base; path = Base.lproj/LaunchScreen.storyboard; sourceTree = "<group>"; };
		D6F56D5C2A34CBAC0084EBDA /* Info.plist */ = {isa = PBXFileReference; lastKnownFileType = text.plist.xml; path = Info.plist; sourceTree = "<group>"; };
		D6F56D612A34CBAC0084EBDA /* Modulo2Tests.xctest */ = {isa = PBXFileReference; explicitFileType = wrapper.cfbundle; includeInIndex = 0; path = Modulo2Tests.xctest; sourceTree = BUILT_PRODUCTS_DIR; };
		D6F56D652A34CBAC0084EBDA /* Modulo2Tests.swift */ = {isa = PBXFileReference; lastKnownFileType = sourcecode.swift; path = Modulo2Tests.swift; sourceTree = "<group>"; };
		D6F56D6B2A34CBAD0084EBDA /* Modulo2UITests.xctest */ = {isa = PBXFileReference; explicitFileType = wrapper.cfbundle; includeInIndex = 0; path = Modulo2UITests.xctest; sourceTree = BUILT_PRODUCTS_DIR; };
		D6F56D6F2A34CBAD0084EBDA /* Modulo2UITests.swift */ = {isa = PBXFileReference; lastKnownFileType = sourcecode.swift; path = Modulo2UITests.swift; sourceTree = "<group>"; };
		D6F56D712A34CBAD0084EBDA /* Modulo2UITestsLaunchTests.swift */ = {isa = PBXFileReference; lastKnownFileType = sourcecode.swift; path = Modulo2UITestsLaunchTests.swift; sourceTree = "<group>"; };
		D6F56D7E2A34F4DA0084EBDA /* LocalizableProtocol.swift */ = {isa = PBXFileReference; lastKnownFileType = sourcecode.swift; path = LocalizableProtocol.swift; sourceTree = "<group>"; };
		D6F56D822A34F8060084EBDA /* SignUpLocalizable.strings */ = {isa = PBXFileReference; lastKnownFileType = text.plist.strings; path = SignUpLocalizable.strings; sourceTree = "<group>"; };
		D6F56D862A34F8D10084EBDA /* String+Extensions.swift */ = {isa = PBXFileReference; lastKnownFileType = sourcecode.swift; path = "String+Extensions.swift"; sourceTree = "<group>"; };
		D6F56D882A34F8ED0084EBDA /* UITextField+Extensions.swift */ = {isa = PBXFileReference; lastKnownFileType = sourcecode.swift; path = "UITextField+Extensions.swift"; sourceTree = "<group>"; };
		D6F56D8E2A34FA890084EBDA /* SignUpLocalizable.swift */ = {isa = PBXFileReference; lastKnownFileType = sourcecode.swift; path = SignUpLocalizable.swift; sourceTree = "<group>"; };
		D6F56D902A34FAE10084EBDA /* SignUpLocalizableKeys.swift */ = {isa = PBXFileReference; lastKnownFileType = sourcecode.swift; path = SignUpLocalizableKeys.swift; sourceTree = "<group>"; };
		D6F56D932A350C740084EBDA /* LoginViewController.swift */ = {isa = PBXFileReference; lastKnownFileType = sourcecode.swift; path = LoginViewController.swift; sourceTree = "<group>"; };
		DF604E7E2A6C54EE00CEA365 /* CoffeeShop.swift */ = {isa = PBXFileReference; lastKnownFileType = sourcecode.swift; path = CoffeeShop.swift; sourceTree = "<group>"; };
		DF604E812A6C565400CEA365 /* HomeModule.swift */ = {isa = PBXFileReference; lastKnownFileType = sourcecode.swift; path = HomeModule.swift; sourceTree = "<group>"; };
		DF604E842A6C5C3700CEA365 /* Mapper.swift */ = {isa = PBXFileReference; lastKnownFileType = sourcecode.swift; path = Mapper.swift; sourceTree = "<group>"; };
		DF604E872A6C5D0000CEA365 /* LocationToLocationStringMapper.swift */ = {isa = PBXFileReference; lastKnownFileType = sourcecode.swift; path = LocationToLocationStringMapper.swift; sourceTree = "<group>"; };
		DF604E892A6C5DAC00CEA365 /* LocationMapper+Extensions.swift */ = {isa = PBXFileReference; lastKnownFileType = sourcecode.swift; path = "LocationMapper+Extensions.swift"; sourceTree = "<group>"; };
		DF604E8B2A6C662200CEA365 /* CoffeeShopsResponse.swift */ = {isa = PBXFileReference; lastKnownFileType = sourcecode.swift; path = CoffeeShopsResponse.swift; sourceTree = "<group>"; };
		DF604E8D2A6C673E00CEA365 /* CoffeeShopItem.swift */ = {isa = PBXFileReference; lastKnownFileType = sourcecode.swift; path = CoffeeShopItem.swift; sourceTree = "<group>"; };
		DF604E8F2A6C6AA900CEA365 /* HomeDataSourceProtocol.swift */ = {isa = PBXFileReference; lastKnownFileType = sourcecode.swift; path = HomeDataSourceProtocol.swift; sourceTree = "<group>"; };
		DF604E912A6C6AE000CEA365 /* LocationParams.swift */ = {isa = PBXFileReference; lastKnownFileType = sourcecode.swift; path = LocationParams.swift; sourceTree = "<group>"; };
		DF604E932A6C6B3800CEA365 /* HomeDataSource.swift */ = {isa = PBXFileReference; lastKnownFileType = sourcecode.swift; path = HomeDataSource.swift; sourceTree = "<group>"; };
		DF604E952A6C6B8400CEA365 /* HomeActionResult.swift */ = {isa = PBXFileReference; lastKnownFileType = sourcecode.swift; path = HomeActionResult.swift; sourceTree = "<group>"; };
		DF604E972A6C6C3000CEA365 /* CoffeeAppError.swift */ = {isa = PBXFileReference; lastKnownFileType = sourcecode.swift; path = CoffeeAppError.swift; sourceTree = "<group>"; };
		DF604E9A2A7EA0C600CEA365 /* NetworkManager.swift */ = {isa = PBXFileReference; lastKnownFileType = sourcecode.swift; path = NetworkManager.swift; sourceTree = "<group>"; };
		DF604E9C2A7EA77B00CEA365 /* NetworkConfig.swift */ = {isa = PBXFileReference; lastKnownFileType = sourcecode.swift; path = NetworkConfig.swift; sourceTree = "<group>"; };
		DF604E9E2A7EA8FA00CEA365 /* CoffeeShopsEndPoint.swift */ = {isa = PBXFileReference; lastKnownFileType = sourcecode.swift; path = CoffeeShopsEndPoint.swift; sourceTree = "<group>"; };
		DF604EA12A7EAE6D00CEA365 /* CoffeeShopsEndPointProtocol.swift */ = {isa = PBXFileReference; lastKnownFileType = sourcecode.swift; path = CoffeeShopsEndPointProtocol.swift; sourceTree = "<group>"; };
		DF604EA42A7EB39100CEA365 /* CoffeeShopItemToCoffeeShopMapper.swift */ = {isa = PBXFileReference; lastKnownFileType = sourcecode.swift; path = CoffeeShopItemToCoffeeShopMapper.swift; sourceTree = "<group>"; };
		DF604EA62A7EB45400CEA365 /* CoffeeShopItem+Extensions.swift */ = {isa = PBXFileReference; lastKnownFileType = sourcecode.swift; path = "CoffeeShopItem+Extensions.swift"; sourceTree = "<group>"; };
		DF604EA82A7EB68E00CEA365 /* HomeRepositoryProtocol.swift */ = {isa = PBXFileReference; lastKnownFileType = sourcecode.swift; path = HomeRepositoryProtocol.swift; sourceTree = "<group>"; };
		DF604EAA2A7EB6B700CEA365 /* HomeRepository.swift */ = {isa = PBXFileReference; lastKnownFileType = sourcecode.swift; path = HomeRepository.swift; sourceTree = "<group>"; };
		DF604EAC2A7EC0E200CEA365 /* CoffeeShopToCoffeeShopViewMapper.swift */ = {isa = PBXFileReference; lastKnownFileType = sourcecode.swift; path = CoffeeShopToCoffeeShopViewMapper.swift; sourceTree = "<group>"; };
		DF604EAE2A7EC17E00CEA365 /* StringToCoffeeShopServiceMapper.swift */ = {isa = PBXFileReference; lastKnownFileType = sourcecode.swift; path = StringToCoffeeShopServiceMapper.swift; sourceTree = "<group>"; };
		DF604EB02A7EC24600CEA365 /* CoffeeShop+Extensions.swift */ = {isa = PBXFileReference; lastKnownFileType = sourcecode.swift; path = "CoffeeShop+Extensions.swift"; sourceTree = "<group>"; };
		DF604EB22A7ED37D00CEA365 /* UIImageView+Extensions.swift */ = {isa = PBXFileReference; lastKnownFileType = sourcecode.swift; path = "UIImageView+Extensions.swift"; sourceTree = "<group>"; };
		DF604EB62A7ED8C100CEA365 /* LocationDb.xcdatamodel */ = {isa = PBXFileReference; lastKnownFileType = wrapper.xcdatamodel; path = LocationDb.xcdatamodel; sourceTree = "<group>"; };
		DF604EB82A7EDA5E00CEA365 /* LocationDatabase.swift */ = {isa = PBXFileReference; lastKnownFileType = sourcecode.swift; path = LocationDatabase.swift; sourceTree = "<group>"; };
		DF604EBB2A7EDB4900CEA365 /* LocationDaoProtocol.swift */ = {isa = PBXFileReference; lastKnownFileType = sourcecode.swift; path = LocationDaoProtocol.swift; sourceTree = "<group>"; };
		DF604EBD2A7EDBD900CEA365 /* LocationEntity.swift */ = {isa = PBXFileReference; lastKnownFileType = sourcecode.swift; path = LocationEntity.swift; sourceTree = "<group>"; };
		DF604EC02A7EDCF800CEA365 /* LocationSingleResult.swift */ = {isa = PBXFileReference; lastKnownFileType = sourcecode.swift; path = LocationSingleResult.swift; sourceTree = "<group>"; };
		DF604EC22A7EDD5000CEA365 /* LocationComposedResult.swift */ = {isa = PBXFileReference; lastKnownFileType = sourcecode.swift; path = LocationComposedResult.swift; sourceTree = "<group>"; };
		DF604EC42A7EDE7400CEA365 /* LocationDao.swift */ = {isa = PBXFileReference; lastKnownFileType = sourcecode.swift; path = LocationDao.swift; sourceTree = "<group>"; };
		DF604EC72A7EDF5000CEA365 /* LocationEntityToLocationLocalMapper.swift */ = {isa = PBXFileReference; lastKnownFileType = sourcecode.swift; path = LocationEntityToLocationLocalMapper.swift; sourceTree = "<group>"; };
		DF604EFA2A9A647F00CEA365 /* LocationEntity+Extension.swift */ = {isa = PBXFileReference; lastKnownFileType = sourcecode.swift; path = "LocationEntity+Extension.swift"; sourceTree = "<group>"; };
		DF604EFC2A9A687000CEA365 /* LocationLocalToLocationEntityMapper.swift */ = {isa = PBXFileReference; lastKnownFileType = sourcecode.swift; path = LocationLocalToLocationEntityMapper.swift; sourceTree = "<group>"; };
		DF604EFF2A9A8F0D00CEA365 /* LocationEntityToLocationMapper.swift */ = {isa = PBXFileReference; lastKnownFileType = sourcecode.swift; path = LocationEntityToLocationMapper.swift; sourceTree = "<group>"; };
		DF604F012A9A8F6500CEA365 /* Location+Extensions.swift */ = {isa = PBXFileReference; lastKnownFileType = sourcecode.swift; path = "Location+Extensions.swift"; sourceTree = "<group>"; };
		DF604F032A9A904D00CEA365 /* LocationProviderResult.swift */ = {isa = PBXFileReference; lastKnownFileType = sourcecode.swift; path = LocationProviderResult.swift; sourceTree = "<group>"; };
		DF8569902A6C32890092CF82 /* CoffeeShopPresenter.swift */ = {isa = PBXFileReference; lastKnownFileType = sourcecode.swift; path = CoffeeShopPresenter.swift; sourceTree = "<group>"; };
		DF8569972A6C40370092CF82 /* HomePresenterProtocol.swift */ = {isa = PBXFileReference; lastKnownFileType = sourcecode.swift; name = HomePresenterProtocol.swift; path = Modulo2/Core/UI/Components/CoffeeShopCardView/HomePresenterProtocol.swift; sourceTree = SOURCE_ROOT; };
		DF8569992A6C40410092CF82 /* HomeViewProtocol.swift */ = {isa = PBXFileReference; lastKnownFileType = sourcecode.swift; name = HomeViewProtocol.swift; path = Modulo2/Core/UI/Components/CoffeeShopCardView/HomeViewProtocol.swift; sourceTree = SOURCE_ROOT; };
		DF85699D2A6C405A0092CF82 /* HomePresenter.swift */ = {isa = PBXFileReference; lastKnownFileType = sourcecode.swift; path = HomePresenter.swift; sourceTree = "<group>"; };
		DF8569A02A6C40D30092CF82 /* HomeRouterProtocol.swift */ = {isa = PBXFileReference; lastKnownFileType = sourcecode.swift; path = HomeRouterProtocol.swift; sourceTree = "<group>"; };
		DF8569A22A6C40DB0092CF82 /* HomeRouter.swift */ = {isa = PBXFileReference; lastKnownFileType = sourcecode.swift; path = HomeRouter.swift; sourceTree = "<group>"; };
		DF8569AE2A6C417F0092CF82 /* LocationChooserViewController.swift */ = {isa = PBXFileReference; lastKnownFileType = sourcecode.swift; path = LocationChooserViewController.swift; sourceTree = "<group>"; };
		DF8569B02A6C41990092CF82 /* LocationChooserRouterProtocol.swift */ = {isa = PBXFileReference; lastKnownFileType = sourcecode.swift; path = LocationChooserRouterProtocol.swift; sourceTree = "<group>"; };
		DF8569B22A6C41BD0092CF82 /* LocationChooserRouter.swift */ = {isa = PBXFileReference; lastKnownFileType = sourcecode.swift; path = LocationChooserRouter.swift; sourceTree = "<group>"; };
		DF8569B42A6C42590092CF82 /* LocationChooserPresenterProtocol.swift */ = {isa = PBXFileReference; lastKnownFileType = sourcecode.swift; path = LocationChooserPresenterProtocol.swift; sourceTree = "<group>"; };
		DF8569B62A6C42C00092CF82 /* LocationChoosePresenter.swift */ = {isa = PBXFileReference; lastKnownFileType = sourcecode.swift; path = LocationChoosePresenter.swift; sourceTree = "<group>"; };
		DF8569B82A6C42D80092CF82 /* LocationChooserViewProtocol.swift */ = {isa = PBXFileReference; lastKnownFileType = sourcecode.swift; path = LocationChooserViewProtocol.swift; sourceTree = "<group>"; };
		DF8569BB2A6C42FD0092CF82 /* Location.swift */ = {isa = PBXFileReference; lastKnownFileType = sourcecode.swift; path = Location.swift; sourceTree = "<group>"; };
		DF8569BD2A6C445B0092CF82 /* LocationChooserRepositoryProtocol.swift */ = {isa = PBXFileReference; lastKnownFileType = sourcecode.swift; path = LocationChooserRepositoryProtocol.swift; sourceTree = "<group>"; };
		DF8569BF2A6C44640092CF82 /* LocationChooserRepository.swift */ = {isa = PBXFileReference; lastKnownFileType = sourcecode.swift; path = LocationChooserRepository.swift; sourceTree = "<group>"; };
		DF8569C12A6C44970092CF82 /* LocationChooserLocalDataSourceProtocol.swift */ = {isa = PBXFileReference; lastKnownFileType = sourcecode.swift; path = LocationChooserLocalDataSourceProtocol.swift; sourceTree = "<group>"; };
		DF8569C32A6C44C20092CF82 /* LocationChooserLocalDataSource.swift */ = {isa = PBXFileReference; lastKnownFileType = sourcecode.swift; path = LocationChooserLocalDataSource.swift; sourceTree = "<group>"; };
		DF8569C72A6C4F490092CF82 /* LocationChooserModule.swift */ = {isa = PBXFileReference; lastKnownFileType = sourcecode.swift; path = LocationChooserModule.swift; sourceTree = "<group>"; };
		DF8569C92A6C503D0092CF82 /* LocationProviderProtocol.swift */ = {isa = PBXFileReference; lastKnownFileType = sourcecode.swift; path = LocationProviderProtocol.swift; sourceTree = "<group>"; };
		DF8569CB2A6C50480092CF82 /* LocationProvider.swift */ = {isa = PBXFileReference; lastKnownFileType = sourcecode.swift; path = LocationProvider.swift; sourceTree = "<group>"; };
		DFCCEDFD2AA393430074E5B2 /* LocationObtainedResult.swift */ = {isa = PBXFileReference; lastKnownFileType = sourcecode.swift; path = LocationObtainedResult.swift; sourceTree = "<group>"; };
		DFCCEDFF2AA3976F0074E5B2 /* HomeLocalizable.strings */ = {isa = PBXFileReference; lastKnownFileType = text.plist.strings; path = HomeLocalizable.strings; sourceTree = "<group>"; };
		DFCCEE022AA398810074E5B2 /* HomeLocalizable.swift */ = {isa = PBXFileReference; lastKnownFileType = sourcecode.swift; path = HomeLocalizable.swift; sourceTree = "<group>"; };
		DFCCEE052AA39B820074E5B2 /* LocationManager.swift */ = {isa = PBXFileReference; lastKnownFileType = sourcecode.swift; path = LocationManager.swift; sourceTree = "<group>"; };
		DFCCEE082AA3A5CD0074E5B2 /* CLPlacemarkToLocationMapper.swift */ = {isa = PBXFileReference; lastKnownFileType = sourcecode.swift; path = CLPlacemarkToLocationMapper.swift; sourceTree = "<group>"; };
		DFCCEE0A2AA3A5E90074E5B2 /* GMSPlaceToLocationMapper.swift */ = {isa = PBXFileReference; lastKnownFileType = sourcecode.swift; path = GMSPlaceToLocationMapper.swift; sourceTree = "<group>"; };
		DFCCEE0C2AA3AB100074E5B2 /* CLLocation+Extension.swift */ = {isa = PBXFileReference; lastKnownFileType = sourcecode.swift; path = "CLLocation+Extension.swift"; sourceTree = "<group>"; };
		DFCCEE0E2AA3AC5A0074E5B2 /* LocationConverterStrategyProtocol.swift */ = {isa = PBXFileReference; lastKnownFileType = sourcecode.swift; path = LocationConverterStrategyProtocol.swift; sourceTree = "<group>"; };
		DFCCEE102AA3AE090074E5B2 /* CoreLocationConverterStrategy.swift */ = {isa = PBXFileReference; lastKnownFileType = sourcecode.swift; path = CoreLocationConverterStrategy.swift; sourceTree = "<group>"; };
		DFCCEE142AA3B5BA0074E5B2 /* LocationManagerProtocol.swift */ = {isa = PBXFileReference; lastKnownFileType = sourcecode.swift; path = LocationManagerProtocol.swift; sourceTree = "<group>"; };
		DFCCEE172AA3B9690074E5B2 /* LocationPermissionResult.swift */ = {isa = PBXFileReference; lastKnownFileType = sourcecode.swift; path = LocationPermissionResult.swift; sourceTree = "<group>"; };
		DFCCEE192AA3B9910074E5B2 /* LocationStatus.swift */ = {isa = PBXFileReference; lastKnownFileType = sourcecode.swift; path = LocationStatus.swift; sourceTree = "<group>"; };
		DFCCEE1B2AA3B9D10074E5B2 /* LocationAuthorizationType.swift */ = {isa = PBXFileReference; lastKnownFileType = sourcecode.swift; path = LocationAuthorizationType.swift; sourceTree = "<group>"; };
		DFCCEE1D2AA3BBF00074E5B2 /* LocationManagerLocalizable.strings */ = {isa = PBXFileReference; lastKnownFileType = text.plist.strings; path = LocationManagerLocalizable.strings; sourceTree = "<group>"; };
		DFCCEE202AA3BD590074E5B2 /* LocationManagerLocalizable.swift */ = {isa = PBXFileReference; lastKnownFileType = sourcecode.swift; path = LocationManagerLocalizable.swift; sourceTree = "<group>"; };
		DFCCEE222AA3BED00074E5B2 /* Coordinate.swift */ = {isa = PBXFileReference; lastKnownFileType = sourcecode.swift; path = Coordinate.swift; sourceTree = "<group>"; };
		DFCCEE242AA3BF530074E5B2 /* CLLocationToCoordinateMapper.swift */ = {isa = PBXFileReference; lastKnownFileType = sourcecode.swift; path = CLLocationToCoordinateMapper.swift; sourceTree = "<group>"; };
		DFCCEE262AA3CE660074E5B2 /* GMSPlace+Extensions.swift */ = {isa = PBXFileReference; lastKnownFileType = sourcecode.swift; path = "GMSPlace+Extensions.swift"; sourceTree = "<group>"; };
		DFCCEE732AAFF44C0074E5B2 /* LocationManagerModule.swift */ = {isa = PBXFileReference; lastKnownFileType = sourcecode.swift; path = LocationManagerModule.swift; sourceTree = "<group>"; };
		DFCCEE852AB145A30074E5B2 /* LocationItemTableViewCell.swift */ = {isa = PBXFileReference; lastKnownFileType = sourcecode.swift; path = LocationItemTableViewCell.swift; sourceTree = "<group>"; };
		DFCCEE872AB2A4930074E5B2 /* LocationSavedResult.swift */ = {isa = PBXFileReference; lastKnownFileType = sourcecode.swift; path = LocationSavedResult.swift; sourceTree = "<group>"; };
/* End PBXFileReference section */

/* Begin PBXFrameworksBuildPhase section */
		D6F56D482A34CBAB0084EBDA /* Frameworks */ = {
			isa = PBXFrameworksBuildPhase;
			buildActionMask = 2147483647;
			files = (
				EEED9D653892D56C5A0CF7B4 /* Pods_Modulo2.framework in Frameworks */,
			);
			runOnlyForDeploymentPostprocessing = 0;
		};
		D6F56D5E2A34CBAC0084EBDA /* Frameworks */ = {
			isa = PBXFrameworksBuildPhase;
			buildActionMask = 2147483647;
			files = (
			);
			runOnlyForDeploymentPostprocessing = 0;
		};
		D6F56D682A34CBAD0084EBDA /* Frameworks */ = {
			isa = PBXFrameworksBuildPhase;
			buildActionMask = 2147483647;
			files = (
			);
			runOnlyForDeploymentPostprocessing = 0;
		};
/* End PBXFrameworksBuildPhase section */

/* Begin PBXGroup section */
		5816746D10B52BD026C9B9AA /* Pods */ = {
			isa = PBXGroup;
			children = (
				5512CC36681255D501E89836 /* Pods-Modulo2.debug.xcconfig */,
				BE6FC0EF09E27FB3EA430CE0 /* Pods-Modulo2.release.xcconfig */,
			);
			path = Pods;
			sourceTree = "<group>";
		};
		7FD83BDEE3AF60E137DF179D /* Frameworks */ = {
			isa = PBXGroup;
			children = (
				9CB3C5CF667D9259B92C3B58 /* Pods_Modulo2.framework */,
			);
			name = Frameworks;
			sourceTree = "<group>";
		};
		D615BB442A59BB5200D8238D /* UI */ = {
			isa = PBXGroup;
			children = (
				D615BB4C2A59CB8400D8238D /* Extensions */,
				D615BB452A59BB5700D8238D /* Components */,
			);
			path = UI;
			sourceTree = "<group>";
		};
		D615BB452A59BB5700D8238D /* Components */ = {
			isa = PBXGroup;
			children = (
				D615BB512A59E6A600D8238D /* CoffeeShopCardView */,
				D615BB522A59E6B500D8238D /* UIHeiightResizableTableView */,
			);
			path = Components;
			sourceTree = "<group>";
		};
		D615BB482A59C28900D8238D /* Presentation */ = {
			isa = PBXGroup;
			children = (
				DF8569972A6C40370092CF82 /* HomePresenterProtocol.swift */,
				DF8569992A6C40410092CF82 /* HomeViewProtocol.swift */,
				DF85699D2A6C405A0092CF82 /* HomePresenter.swift */,
			);
			path = Presentation;
			sourceTree = "<group>";
		};
		D615BB492A59C29700D8238D /* UI */ = {
			isa = PBXGroup;
			children = (
				DFCCEE012AA398690074E5B2 /* Localizable */,
				DF604E862A6C5CE500CEA365 /* Mapper */,
				D615BB4A2A59C2AA00D8238D /* View */,
				D69D2C212A3E3B40004E689F /* HomeViewController.swift */,
			);
			path = UI;
			sourceTree = "<group>";
		};
		D615BB4A2A59C2AA00D8238D /* View */ = {
			isa = PBXGroup;
			children = (
				D6966E6E2A4773F800374EB3 /* CoffeeShopTableViewCell.swift */,
			);
			path = View;
			sourceTree = "<group>";
		};
		D615BB4B2A59C2AF00D8238D /* Model */ = {
			isa = PBXGroup;
			children = (
				D6CB573E2A477DC0000768C2 /* CoffeeShopView.swift */,
				D615BB4F2A59E5C700D8238D /* CoffeeShopServices.swift */,
			);
			path = Model;
			sourceTree = "<group>";
		};
		D615BB4C2A59CB8400D8238D /* Extensions */ = {
			isa = PBXGroup;
			children = (
				D615BB4D2A59CB9500D8238D /* UIFont+Extensions.swift */,
				DF604EB22A7ED37D00CEA365 /* UIImageView+Extensions.swift */,
			);
			path = Extensions;
			sourceTree = "<group>";
		};
		D615BB512A59E6A600D8238D /* CoffeeShopCardView */ = {
			isa = PBXGroup;
			children = (
				D615BB4B2A59C2AF00D8238D /* Model */,
				D615BB532A59E7C000D8238D /* UICoffeeShopCardView.swift */,
				D615BB552A59F6D400D8238D /* CoffeeShopPresenterProtocol.swift */,
				D615BB572A59F6E600D8238D /* CoffeeShopViewProtocol.swift */,
				DF8569902A6C32890092CF82 /* CoffeeShopPresenter.swift */,
			);
			path = CoffeeShopCardView;
			sourceTree = "<group>";
		};
		D615BB522A59E6B500D8238D /* UIHeiightResizableTableView */ = {
			isa = PBXGroup;
			children = (
				D615BB462A59BB6C00D8238D /* UIHeightResizableTableView.swift */,
			);
			path = UIHeiightResizableTableView;
			sourceTree = "<group>";
		};
		D69D2C1B2A3E3064004E689F /* Localizable */ = {
			isa = PBXGroup;
			children = (
				D69D2C1C2A3E3072004E689F /* LoginLocalizable.swift */,
				D69D2C1E2A3E309E004E689F /* LoginLocalizableKeys.swift */,
			);
			path = Localizable;
			sourceTree = "<group>";
		};
		D69D2C202A3E3B13004E689F /* Home */ = {
			isa = PBXGroup;
			children = (
				DF604E802A6C564A00CEA365 /* DI */,
				DF8569932A6C400E0092CF82 /* Datasource */,
				DF8569922A6C40060092CF82 /* Repository */,
				D615BB482A59C28900D8238D /* Presentation */,
				DF85699F2A6C40A20092CF82 /* Router */,
				D615BB492A59C29700D8238D /* UI */,
			);
			path = Home;
			sourceTree = "<group>";
		};
		D69D2C252A3E3BB5004E689F /* Models */ = {
			isa = PBXGroup;
			children = (
				D69D2C262A3E3BC5004E689F /* AlertMessage.swift */,
			);
			path = Models;
			sourceTree = "<group>";
		};
		D6F56D422A34CBAB0084EBDA = {
			isa = PBXGroup;
			children = (
				D6F56D4D2A34CBAB0084EBDA /* Modulo2 */,
				D6F56D642A34CBAC0084EBDA /* Modulo2Tests */,
				D6F56D6E2A34CBAD0084EBDA /* Modulo2UITests */,
				D6F56D4C2A34CBAB0084EBDA /* Products */,
				5816746D10B52BD026C9B9AA /* Pods */,
				7FD83BDEE3AF60E137DF179D /* Frameworks */,
			);
			sourceTree = "<group>";
		};
		D6F56D4C2A34CBAB0084EBDA /* Products */ = {
			isa = PBXGroup;
			children = (
				D6F56D4B2A34CBAB0084EBDA /* Modulo2.app */,
				D6F56D612A34CBAC0084EBDA /* Modulo2Tests.xctest */,
				D6F56D6B2A34CBAD0084EBDA /* Modulo2UITests.xctest */,
			);
			name = Products;
			sourceTree = "<group>";
		};
		D6F56D4D2A34CBAB0084EBDA /* Modulo2 */ = {
			isa = PBXGroup;
			children = (
				D6F56D852A34F8BF0084EBDA /* Core */,
				D6F56D842A34F8B70084EBDA /* Modules */,
				D6F56D802A34F7690084EBDA /* Resources */,
				D6F56D4E2A34CBAB0084EBDA /* AppDelegate.swift */,
				D6F56D502A34CBAB0084EBDA /* SceneDelegate.swift */,
				D6F56D572A34CBAC0084EBDA /* Assets.xcassets */,
				D6F56D592A34CBAC0084EBDA /* LaunchScreen.storyboard */,
				D6F56D5C2A34CBAC0084EBDA /* Info.plist */,
			);
			path = Modulo2;
			sourceTree = "<group>";
		};
		D6F56D642A34CBAC0084EBDA /* Modulo2Tests */ = {
			isa = PBXGroup;
			children = (
				D6F56D652A34CBAC0084EBDA /* Modulo2Tests.swift */,
			);
			path = Modulo2Tests;
			sourceTree = "<group>";
		};
		D6F56D6E2A34CBAD0084EBDA /* Modulo2UITests */ = {
			isa = PBXGroup;
			children = (
				D6F56D6F2A34CBAD0084EBDA /* Modulo2UITests.swift */,
				D6F56D712A34CBAD0084EBDA /* Modulo2UITestsLaunchTests.swift */,
			);
			path = Modulo2UITests;
			sourceTree = "<group>";
		};
		D6F56D802A34F7690084EBDA /* Resources */ = {
			isa = PBXGroup;
			children = (
				D6F56D812A34F7760084EBDA /* Localizables */,
			);
			path = Resources;
			sourceTree = "<group>";
		};
		D6F56D812A34F7760084EBDA /* Localizables */ = {
			isa = PBXGroup;
			children = (
				D6F56D822A34F8060084EBDA /* SignUpLocalizable.strings */,
				D69D2C192A3E302D004E689F /* LoginLocalizable.strings */,
				DFCCEDFF2AA3976F0074E5B2 /* HomeLocalizable.strings */,
				DFCCEE1D2AA3BBF00074E5B2 /* LocationManagerLocalizable.strings */,
			);
			path = Localizables;
			sourceTree = "<group>";
		};
		D6F56D842A34F8B70084EBDA /* Modules */ = {
			isa = PBXGroup;
			children = (
				DF8569A42A6C40E90092CF82 /* Shared */,
				D69D2C202A3E3B13004E689F /* Home */,
				D6F56D922A350C580084EBDA /* Login */,
				D6F56D8C2A34F97C0084EBDA /* SignUp */,
			);
			path = Modules;
			sourceTree = "<group>";
		};
		D6F56D852A34F8BF0084EBDA /* Core */ = {
			isa = PBXGroup;
			children = (
				DF604E992A7EA0BA00CEA365 /* Network */,
				DF604E832A6C5C2C00CEA365 /* Arch */,
				D615BB442A59BB5200D8238D /* UI */,
				D69D2C252A3E3BB5004E689F /* Models */,
				D6F56D8B2A34F9290084EBDA /* Localizable */,
				D6F56D8A2A34F91B0084EBDA /* Extensions */,
			);
			path = Core;
			sourceTree = "<group>";
		};
		D6F56D8A2A34F91B0084EBDA /* Extensions */ = {
			isa = PBXGroup;
			children = (
				D6F56D862A34F8D10084EBDA /* String+Extensions.swift */,
				D6F56D882A34F8ED0084EBDA /* UITextField+Extensions.swift */,
				D69D2C232A3E3B9C004E689F /* UIViewController+Extensions.swift */,
			);
			path = Extensions;
			sourceTree = "<group>";
		};
		D6F56D8B2A34F9290084EBDA /* Localizable */ = {
			isa = PBXGroup;
			children = (
				D6F56D7E2A34F4DA0084EBDA /* LocalizableProtocol.swift */,
			);
			path = Localizable;
			sourceTree = "<group>";
		};
		D6F56D8C2A34F97C0084EBDA /* SignUp */ = {
			isa = PBXGroup;
			children = (
				D6F56D8D2A34FA270084EBDA /* Localizable */,
				D6F56D522A34CBAB0084EBDA /* SignUpViewController.swift */,
				D69D2C172A3E0616004E689F /* SignUpFromScratchViewController.swift */,
			);
			path = SignUp;
			sourceTree = "<group>";
		};
		D6F56D8D2A34FA270084EBDA /* Localizable */ = {
			isa = PBXGroup;
			children = (
				D6F56D8E2A34FA890084EBDA /* SignUpLocalizable.swift */,
				D6F56D902A34FAE10084EBDA /* SignUpLocalizableKeys.swift */,
			);
			path = Localizable;
			sourceTree = "<group>";
		};
		D6F56D922A350C580084EBDA /* Login */ = {
			isa = PBXGroup;
			children = (
				D69D2C1B2A3E3064004E689F /* Localizable */,
				D6F56D932A350C740084EBDA /* LoginViewController.swift */,
				D69D2C282A3E42EC004E689F /* LoginViewProtocol.swift */,
				D69D2C2A2A3E4303004E689F /* LoginPresenterProtocol.swift */,
				D69D2C2C2A3E4388004E689F /* LoginPresenter.swift */,
			);
			path = Login;
			sourceTree = "<group>";
		};
		DF604E802A6C564A00CEA365 /* DI */ = {
			isa = PBXGroup;
			children = (
				DF604E812A6C565400CEA365 /* HomeModule.swift */,
			);
			path = DI;
			sourceTree = "<group>";
		};
		DF604E832A6C5C2C00CEA365 /* Arch */ = {
			isa = PBXGroup;
			children = (
				DF604E842A6C5C3700CEA365 /* Mapper.swift */,
				DF604E972A6C6C3000CEA365 /* CoffeeAppError.swift */,
			);
			path = Arch;
			sourceTree = "<group>";
		};
		DF604E862A6C5CE500CEA365 /* Mapper */ = {
			isa = PBXGroup;
			children = (
				DF604E872A6C5D0000CEA365 /* LocationToLocationStringMapper.swift */,
				DF604E892A6C5DAC00CEA365 /* LocationMapper+Extensions.swift */,
				DF604EAC2A7EC0E200CEA365 /* CoffeeShopToCoffeeShopViewMapper.swift */,
				DF604EAE2A7EC17E00CEA365 /* StringToCoffeeShopServiceMapper.swift */,
				DF604EB02A7EC24600CEA365 /* CoffeeShop+Extensions.swift */,
			);
			path = Mapper;
			sourceTree = "<group>";
		};
		DF604E992A7EA0BA00CEA365 /* Network */ = {
			isa = PBXGroup;
			children = (
				DF604E9A2A7EA0C600CEA365 /* NetworkManager.swift */,
				DF604E9C2A7EA77B00CEA365 /* NetworkConfig.swift */,
			);
			path = Network;
			sourceTree = "<group>";
		};
		DF604EA02A7EAE5B00CEA365 /* EndPoint */ = {
			isa = PBXGroup;
			children = (
				DF604E9E2A7EA8FA00CEA365 /* CoffeeShopsEndPoint.swift */,
				DF604EA12A7EAE6D00CEA365 /* CoffeeShopsEndPointProtocol.swift */,
			);
			path = EndPoint;
			sourceTree = "<group>";
		};
		DF604EA32A7EB36100CEA365 /* Mapper */ = {
			isa = PBXGroup;
			children = (
				DF604EA42A7EB39100CEA365 /* CoffeeShopItemToCoffeeShopMapper.swift */,
				DF604EA62A7EB45400CEA365 /* CoffeeShopItem+Extensions.swift */,
			);
			path = Mapper;
			sourceTree = "<group>";
		};
		DF604EB42A7ED8AF00CEA365 /* Database */ = {
			isa = PBXGroup;
			children = (
				DF604EBA2A7EDB3400CEA365 /* LocationDao */,
				DF604EB52A7ED8C100CEA365 /* LocationDb.xcdatamodeld */,
				DF604EB82A7EDA5E00CEA365 /* LocationDatabase.swift */,
			);
			path = Database;
			sourceTree = "<group>";
		};
		DF604EBA2A7EDB3400CEA365 /* LocationDao */ = {
			isa = PBXGroup;
			children = (
				DF604EC62A7EDF4100CEA365 /* Mapper */,
				DF604EBF2A7EDCE400CEA365 /* Model */,
				DF604EBB2A7EDB4900CEA365 /* LocationDaoProtocol.swift */,
				DF604EC42A7EDE7400CEA365 /* LocationDao.swift */,
			);
			path = LocationDao;
			sourceTree = "<group>";
		};
		DF604EBF2A7EDCE400CEA365 /* Model */ = {
			isa = PBXGroup;
			children = (
				DF604EBD2A7EDBD900CEA365 /* LocationEntity.swift */,
				DF604EC02A7EDCF800CEA365 /* LocationSingleResult.swift */,
				DF604EC22A7EDD5000CEA365 /* LocationComposedResult.swift */,
			);
			path = Model;
			sourceTree = "<group>";
		};
		DF604EC62A7EDF4100CEA365 /* Mapper */ = {
			isa = PBXGroup;
			children = (
				DF604EC72A7EDF5000CEA365 /* LocationEntityToLocationLocalMapper.swift */,
				DF604EFA2A9A647F00CEA365 /* LocationEntity+Extension.swift */,
				DF604EFC2A9A687000CEA365 /* LocationLocalToLocationEntityMapper.swift */,
			);
			path = Mapper;
			sourceTree = "<group>";
		};
		DF604EFE2A9A8EDC00CEA365 /* Mapper */ = {
			isa = PBXGroup;
			children = (
				DF604EFF2A9A8F0D00CEA365 /* LocationEntityToLocationMapper.swift */,
				DF604F012A9A8F6500CEA365 /* Location+Extensions.swift */,
			);
			path = Mapper;
			sourceTree = "<group>";
		};
		DF8569922A6C40060092CF82 /* Repository */ = {
			isa = PBXGroup;
			children = (
				DF8569952A6C401C0092CF82 /* Model */,
				DF604EA82A7EB68E00CEA365 /* HomeRepositoryProtocol.swift */,
				DF604EAA2A7EB6B700CEA365 /* HomeRepository.swift */,
			);
			path = Repository;
			sourceTree = "<group>";
		};
		DF8569932A6C400E0092CF82 /* Datasource */ = {
			isa = PBXGroup;
			children = (
				DF604EA02A7EAE5B00CEA365 /* EndPoint */,
				DF604EA32A7EB36100CEA365 /* Mapper */,
				DF8569962A6C40230092CF82 /* Model */,
				DF604E8F2A6C6AA900CEA365 /* HomeDataSourceProtocol.swift */,
				DF604E932A6C6B3800CEA365 /* HomeDataSource.swift */,
			);
			path = Datasource;
			sourceTree = "<group>";
		};
		DF8569952A6C401C0092CF82 /* Model */ = {
			isa = PBXGroup;
			children = (
				DF604E952A6C6B8400CEA365 /* HomeActionResult.swift */,
				DF604E7E2A6C54EE00CEA365 /* CoffeeShop.swift */,
				DF604E912A6C6AE000CEA365 /* LocationParams.swift */,
			);
			path = Model;
			sourceTree = "<group>";
		};
		DF8569962A6C40230092CF82 /* Model */ = {
			isa = PBXGroup;
			children = (
				DF604E8B2A6C662200CEA365 /* CoffeeShopsResponse.swift */,
				DF604E8D2A6C673E00CEA365 /* CoffeeShopItem.swift */,
			);
			path = Model;
			sourceTree = "<group>";
		};
		DF85699F2A6C40A20092CF82 /* Router */ = {
			isa = PBXGroup;
			children = (
				DF8569A02A6C40D30092CF82 /* HomeRouterProtocol.swift */,
				DF8569A22A6C40DB0092CF82 /* HomeRouter.swift */,
			);
			path = Router;
			sourceTree = "<group>";
		};
		DF8569A42A6C40E90092CF82 /* Shared */ = {
			isa = PBXGroup;
			children = (
				DF8569A52A6C40EF0092CF82 /* Location */,
			);
			path = Shared;
			sourceTree = "<group>";
		};
		DF8569A52A6C40EF0092CF82 /* Location */ = {
			isa = PBXGroup;
			children = (
				DFCCEE042AA39B760074E5B2 /* LocationProvider */,
				DF8569C62A6C4EFF0092CF82 /* DI */,
				DF8569C52A6C497D0092CF82 /* Provider */,
				DF8569A62A6C40F50092CF82 /* DataSource */,
				DF8569A72A6C40FF0092CF82 /* Repository */,
				DF8569A82A6C41060092CF82 /* Presentation */,
				DF8569A92A6C41100092CF82 /* UI */,
				DF8569AA2A6C41140092CF82 /* Router */,
			);
			path = Location;
			sourceTree = "<group>";
		};
		DF8569A62A6C40F50092CF82 /* DataSource */ = {
			isa = PBXGroup;
			children = (
				DF604EB42A7ED8AF00CEA365 /* Database */,
				DF604EFE2A9A8EDC00CEA365 /* Mapper */,
				DF8569C12A6C44970092CF82 /* LocationChooserLocalDataSourceProtocol.swift */,
				DF8569C32A6C44C20092CF82 /* LocationChooserLocalDataSource.swift */,
			);
			path = DataSource;
			sourceTree = "<group>";
		};
		DF8569A72A6C40FF0092CF82 /* Repository */ = {
			isa = PBXGroup;
			children = (
				DF8569BA2A6C42F00092CF82 /* Model */,
				DF8569BD2A6C445B0092CF82 /* LocationChooserRepositoryProtocol.swift */,
				DF8569BF2A6C44640092CF82 /* LocationChooserRepository.swift */,
			);
			path = Repository;
			sourceTree = "<group>";
		};
		DF8569A82A6C41060092CF82 /* Presentation */ = {
			isa = PBXGroup;
			children = (
				DF8569B42A6C42590092CF82 /* LocationChooserPresenterProtocol.swift */,
				DF8569B62A6C42C00092CF82 /* LocationChoosePresenter.swift */,
				DF8569B82A6C42D80092CF82 /* LocationChooserViewProtocol.swift */,
			);
			path = Presentation;
			sourceTree = "<group>";
		};
		DF8569A92A6C41100092CF82 /* UI */ = {
			isa = PBXGroup;
			children = (
				DFCCEE842AB1457E0074E5B2 /* View */,
				DF8569AE2A6C417F0092CF82 /* LocationChooserViewController.swift */,
			);
			path = UI;
			sourceTree = "<group>";
		};
		DF8569AA2A6C41140092CF82 /* Router */ = {
			isa = PBXGroup;
			children = (
				DF8569B02A6C41990092CF82 /* LocationChooserRouterProtocol.swift */,
				DF8569B22A6C41BD0092CF82 /* LocationChooserRouter.swift */,
			);
			path = Router;
			sourceTree = "<group>";
		};
		DF8569BA2A6C42F00092CF82 /* Model */ = {
			isa = PBXGroup;
			children = (
				DF8569BB2A6C42FD0092CF82 /* Location.swift */,
				DFCCEDFD2AA393430074E5B2 /* LocationObtainedResult.swift */,
				DFCCEE872AB2A4930074E5B2 /* LocationSavedResult.swift */,
			);
			path = Model;
			sourceTree = "<group>";
		};
		DF8569C52A6C497D0092CF82 /* Provider */ = {
			isa = PBXGroup;
			children = (
				DF8569C92A6C503D0092CF82 /* LocationProviderProtocol.swift */,
				DF8569CB2A6C50480092CF82 /* LocationProvider.swift */,
				DF604F032A9A904D00CEA365 /* LocationProviderResult.swift */,
			);
			path = Provider;
			sourceTree = "<group>";
		};
		DF8569C62A6C4EFF0092CF82 /* DI */ = {
			isa = PBXGroup;
			children = (
				DF8569C72A6C4F490092CF82 /* LocationChooserModule.swift */,
			);
			path = DI;
			sourceTree = "<group>";
		};
		DFCCEE012AA398690074E5B2 /* Localizable */ = {
			isa = PBXGroup;
			children = (
				DFCCEE022AA398810074E5B2 /* HomeLocalizable.swift */,
			);
			path = Localizable;
			sourceTree = "<group>";
		};
		DFCCEE042AA39B760074E5B2 /* LocationProvider */ = {
			isa = PBXGroup;
			children = (
				DFCCEE722AAFF43D0074E5B2 /* DI */,
				DFCCEE1F2AA3BD4A0074E5B2 /* Localizable */,
				DFCCEE072AA3A5B90074E5B2 /* Mapper */,
				DFCCEE162AA3B9540074E5B2 /* Model */,
				DFCCEE052AA39B820074E5B2 /* LocationManager.swift */,
				DFCCEE142AA3B5BA0074E5B2 /* LocationManagerProtocol.swift */,
				DFCCEE0E2AA3AC5A0074E5B2 /* LocationConverterStrategyProtocol.swift */,
				DFCCEE102AA3AE090074E5B2 /* CoreLocationConverterStrategy.swift */,
			);
			path = LocationProvider;
			sourceTree = "<group>";
		};
		DFCCEE072AA3A5B90074E5B2 /* Mapper */ = {
			isa = PBXGroup;
			children = (
				DFCCEE082AA3A5CD0074E5B2 /* CLPlacemarkToLocationMapper.swift */,
				DFCCEE0A2AA3A5E90074E5B2 /* GMSPlaceToLocationMapper.swift */,
				DFCCEE0C2AA3AB100074E5B2 /* CLLocation+Extension.swift */,
				DFCCEE242AA3BF530074E5B2 /* CLLocationToCoordinateMapper.swift */,
				DFCCEE262AA3CE660074E5B2 /* GMSPlace+Extensions.swift */,
			);
			path = Mapper;
			sourceTree = "<group>";
		};
		DFCCEE162AA3B9540074E5B2 /* Model */ = {
			isa = PBXGroup;
			children = (
				DFCCEE172AA3B9690074E5B2 /* LocationPermissionResult.swift */,
				DFCCEE192AA3B9910074E5B2 /* LocationStatus.swift */,
				DFCCEE1B2AA3B9D10074E5B2 /* LocationAuthorizationType.swift */,
				DFCCEE222AA3BED00074E5B2 /* Coordinate.swift */,
			);
			path = Model;
			sourceTree = "<group>";
		};
		DFCCEE1F2AA3BD4A0074E5B2 /* Localizable */ = {
			isa = PBXGroup;
			children = (
				DFCCEE202AA3BD590074E5B2 /* LocationManagerLocalizable.swift */,
			);
			path = Localizable;
			sourceTree = "<group>";
		};
		DFCCEE722AAFF43D0074E5B2 /* DI */ = {
			isa = PBXGroup;
			children = (
				DFCCEE732AAFF44C0074E5B2 /* LocationManagerModule.swift */,
			);
			path = DI;
			sourceTree = "<group>";
		};
		DFCCEE842AB1457E0074E5B2 /* View */ = {
			isa = PBXGroup;
			children = (
				DFCCEE852AB145A30074E5B2 /* LocationItemTableViewCell.swift */,
			);
			path = View;
			sourceTree = "<group>";
		};
/* End PBXGroup section */

/* Begin PBXNativeTarget section */
		D6F56D4A2A34CBAB0084EBDA /* Modulo2 */ = {
			isa = PBXNativeTarget;
			buildConfigurationList = D6F56D752A34CBAD0084EBDA /* Build configuration list for PBXNativeTarget "Modulo2" */;
			buildPhases = (
				F87A85C73F2A73F629022055 /* [CP] Check Pods Manifest.lock */,
				D6F56D472A34CBAB0084EBDA /* Sources */,
				D6F56D482A34CBAB0084EBDA /* Frameworks */,
				D6F56D492A34CBAB0084EBDA /* Resources */,
				752F5049C63456E8A877EE6E /* [CP] Embed Pods Frameworks */,
				6A032C9E89179BB7DE0C8D0D /* [CP] Copy Pods Resources */,
			);
			buildRules = (
			);
			dependencies = (
			);
			name = Modulo2;
			productName = Modulo2;
			productReference = D6F56D4B2A34CBAB0084EBDA /* Modulo2.app */;
			productType = "com.apple.product-type.application";
		};
		D6F56D602A34CBAC0084EBDA /* Modulo2Tests */ = {
			isa = PBXNativeTarget;
			buildConfigurationList = D6F56D782A34CBAD0084EBDA /* Build configuration list for PBXNativeTarget "Modulo2Tests" */;
			buildPhases = (
				D6F56D5D2A34CBAC0084EBDA /* Sources */,
				D6F56D5E2A34CBAC0084EBDA /* Frameworks */,
				D6F56D5F2A34CBAC0084EBDA /* Resources */,
			);
			buildRules = (
			);
			dependencies = (
				D6F56D632A34CBAC0084EBDA /* PBXTargetDependency */,
			);
			name = Modulo2Tests;
			productName = Modulo2Tests;
			productReference = D6F56D612A34CBAC0084EBDA /* Modulo2Tests.xctest */;
			productType = "com.apple.product-type.bundle.unit-test";
		};
		D6F56D6A2A34CBAD0084EBDA /* Modulo2UITests */ = {
			isa = PBXNativeTarget;
			buildConfigurationList = D6F56D7B2A34CBAD0084EBDA /* Build configuration list for PBXNativeTarget "Modulo2UITests" */;
			buildPhases = (
				D6F56D672A34CBAD0084EBDA /* Sources */,
				D6F56D682A34CBAD0084EBDA /* Frameworks */,
				D6F56D692A34CBAD0084EBDA /* Resources */,
			);
			buildRules = (
			);
			dependencies = (
				D6F56D6D2A34CBAD0084EBDA /* PBXTargetDependency */,
			);
			name = Modulo2UITests;
			productName = Modulo2UITests;
			productReference = D6F56D6B2A34CBAD0084EBDA /* Modulo2UITests.xctest */;
			productType = "com.apple.product-type.bundle.ui-testing";
		};
/* End PBXNativeTarget section */

/* Begin PBXProject section */
		D6F56D432A34CBAB0084EBDA /* Project object */ = {
			isa = PBXProject;
			attributes = {
				BuildIndependentTargetsInParallel = 1;
				LastSwiftUpdateCheck = 1420;
				LastUpgradeCheck = 1420;
				TargetAttributes = {
					D6F56D4A2A34CBAB0084EBDA = {
						CreatedOnToolsVersion = 14.2;
						LastSwiftMigration = 1430;
					};
					D6F56D602A34CBAC0084EBDA = {
						CreatedOnToolsVersion = 14.2;
						TestTargetID = D6F56D4A2A34CBAB0084EBDA;
					};
					D6F56D6A2A34CBAD0084EBDA = {
						CreatedOnToolsVersion = 14.2;
						TestTargetID = D6F56D4A2A34CBAB0084EBDA;
					};
				};
			};
			buildConfigurationList = D6F56D462A34CBAB0084EBDA /* Build configuration list for PBXProject "Modulo2" */;
			compatibilityVersion = "Xcode 14.0";
			developmentRegion = en;
			hasScannedForEncodings = 0;
			knownRegions = (
				en,
				Base,
			);
			mainGroup = D6F56D422A34CBAB0084EBDA;
			productRefGroup = D6F56D4C2A34CBAB0084EBDA /* Products */;
			projectDirPath = "";
			projectRoot = "";
			targets = (
				D6F56D4A2A34CBAB0084EBDA /* Modulo2 */,
				D6F56D602A34CBAC0084EBDA /* Modulo2Tests */,
				D6F56D6A2A34CBAD0084EBDA /* Modulo2UITests */,
			);
		};
/* End PBXProject section */

/* Begin PBXResourcesBuildPhase section */
		D6F56D492A34CBAB0084EBDA /* Resources */ = {
			isa = PBXResourcesBuildPhase;
			buildActionMask = 2147483647;
			files = (
				DFCCEE002AA3976F0074E5B2 /* HomeLocalizable.strings in Resources */,
				D6F56D5B2A34CBAC0084EBDA /* LaunchScreen.storyboard in Resources */,
				DFCCEE1E2AA3BBF00074E5B2 /* LocationManagerLocalizable.strings in Resources */,
				D6F56D832A34F8060084EBDA /* SignUpLocalizable.strings in Resources */,
				D6F56D582A34CBAC0084EBDA /* Assets.xcassets in Resources */,
				D69D2C1A2A3E302D004E689F /* LoginLocalizable.strings in Resources */,
			);
			runOnlyForDeploymentPostprocessing = 0;
		};
		D6F56D5F2A34CBAC0084EBDA /* Resources */ = {
			isa = PBXResourcesBuildPhase;
			buildActionMask = 2147483647;
			files = (
			);
			runOnlyForDeploymentPostprocessing = 0;
		};
		D6F56D692A34CBAD0084EBDA /* Resources */ = {
			isa = PBXResourcesBuildPhase;
			buildActionMask = 2147483647;
			files = (
			);
			runOnlyForDeploymentPostprocessing = 0;
		};
/* End PBXResourcesBuildPhase section */

/* Begin PBXShellScriptBuildPhase section */
		6A032C9E89179BB7DE0C8D0D /* [CP] Copy Pods Resources */ = {
			isa = PBXShellScriptBuildPhase;
			buildActionMask = 2147483647;
			files = (
			);
			inputFileListPaths = (
			);
			name = "[CP] Copy Pods Resources";
			outputFileListPaths = (
			);
			runOnlyForDeploymentPostprocessing = 0;
			shellPath = /bin/sh;
			shellScript = "\"${PODS_ROOT}/Target Support Files/Pods-Modulo2/Pods-Modulo2-resources.sh\"\n";
			showEnvVarsInLog = 0;
		};
		752F5049C63456E8A877EE6E /* [CP] Embed Pods Frameworks */ = {
			isa = PBXShellScriptBuildPhase;
			buildActionMask = 2147483647;
			files = (
			);
			inputFileListPaths = (
			);
			name = "[CP] Embed Pods Frameworks";
			outputFileListPaths = (
			);
			runOnlyForDeploymentPostprocessing = 0;
			shellPath = /bin/sh;
			shellScript = "\"${PODS_ROOT}/Target Support Files/Pods-Modulo2/Pods-Modulo2-frameworks.sh\"\n";
			showEnvVarsInLog = 0;
		};
		F87A85C73F2A73F629022055 /* [CP] Check Pods Manifest.lock */ = {
			isa = PBXShellScriptBuildPhase;
			buildActionMask = 2147483647;
			files = (
			);
			inputFileListPaths = (
			);
			inputPaths = (
				"${PODS_PODFILE_DIR_PATH}/Podfile.lock",
				"${PODS_ROOT}/Manifest.lock",
			);
			name = "[CP] Check Pods Manifest.lock";
			outputFileListPaths = (
			);
			outputPaths = (
				"$(DERIVED_FILE_DIR)/Pods-Modulo2-checkManifestLockResult.txt",
			);
			runOnlyForDeploymentPostprocessing = 0;
			shellPath = /bin/sh;
			shellScript = "diff \"${PODS_PODFILE_DIR_PATH}/Podfile.lock\" \"${PODS_ROOT}/Manifest.lock\" > /dev/null\nif [ $? != 0 ] ; then\n    # print error to STDERR\n    echo \"error: The sandbox is not in sync with the Podfile.lock. Run 'pod install' or update your CocoaPods installation.\" >&2\n    exit 1\nfi\n# This output is used by Xcode 'outputs' to avoid re-running this script phase.\necho \"SUCCESS\" > \"${SCRIPT_OUTPUT_FILE_0}\"\n";
			showEnvVarsInLog = 0;
		};
/* End PBXShellScriptBuildPhase section */

/* Begin PBXSourcesBuildPhase section */
		D6F56D472A34CBAB0084EBDA /* Sources */ = {
			isa = PBXSourcesBuildPhase;
			buildActionMask = 2147483647;
			files = (
				D6F56D942A350C740084EBDA /* LoginViewController.swift in Sources */,
				DFCCEE742AAFF44C0074E5B2 /* LocationManagerModule.swift in Sources */,
				DF8569982A6C40370092CF82 /* HomePresenterProtocol.swift in Sources */,
				D69D2C2B2A3E4303004E689F /* LoginPresenterProtocol.swift in Sources */,
				DF8569B92A6C42D80092CF82 /* LocationChooserViewProtocol.swift in Sources */,
				DF85699E2A6C405A0092CF82 /* HomePresenter.swift in Sources */,
				DF604EC12A7EDCF800CEA365 /* LocationSingleResult.swift in Sources */,
				DF8569C02A6C44640092CF82 /* LocationChooserRepository.swift in Sources */,
				DF604EAF2A7EC17E00CEA365 /* StringToCoffeeShopServiceMapper.swift in Sources */,
				DFCCEE232AA3BED00074E5B2 /* Coordinate.swift in Sources */,
				DF604EB92A7EDA5E00CEA365 /* LocationDatabase.swift in Sources */,
				DF604EA72A7EB45400CEA365 /* CoffeeShopItem+Extensions.swift in Sources */,
				D6F56D872A34F8D10084EBDA /* String+Extensions.swift in Sources */,
				D615BB502A59E5C700D8238D /* CoffeeShopServices.swift in Sources */,
				DFCCEE182AA3B9690074E5B2 /* LocationPermissionResult.swift in Sources */,
				DF604E9B2A7EA0C600CEA365 /* NetworkManager.swift in Sources */,
				DF604EAB2A7EB6B700CEA365 /* HomeRepository.swift in Sources */,
				DFCCEE0B2AA3A5E90074E5B2 /* GMSPlaceToLocationMapper.swift in Sources */,
				DF604F002A9A8F0D00CEA365 /* LocationEntityToLocationMapper.swift in Sources */,
				DFCCEDFE2AA393430074E5B2 /* LocationObtainedResult.swift in Sources */,
				D6F56D912A34FAE10084EBDA /* SignUpLocalizableKeys.swift in Sources */,
				D69D2C182A3E0616004E689F /* SignUpFromScratchViewController.swift in Sources */,
				D6CB573F2A477DC0000768C2 /* CoffeeShopView.swift in Sources */,
				DF604E902A6C6AA900CEA365 /* HomeDataSourceProtocol.swift in Sources */,
				DF604EFB2A9A647F00CEA365 /* LocationEntity+Extension.swift in Sources */,
				D6F56D7F2A34F4DA0084EBDA /* LocalizableProtocol.swift in Sources */,
				D69D2C272A3E3BC5004E689F /* AlertMessage.swift in Sources */,
				DFCCEE862AB145A30074E5B2 /* LocationItemTableViewCell.swift in Sources */,
				DF8569A12A6C40D30092CF82 /* HomeRouterProtocol.swift in Sources */,
				DF604EA92A7EB68E00CEA365 /* HomeRepositoryProtocol.swift in Sources */,
				D6F56D532A34CBAB0084EBDA /* SignUpViewController.swift in Sources */,
				D69D2C1D2A3E3072004E689F /* LoginLocalizable.swift in Sources */,
				DF604E8C2A6C662200CEA365 /* CoffeeShopsResponse.swift in Sources */,
				D69D2C292A3E42EC004E689F /* LoginViewProtocol.swift in Sources */,
				D615BB472A59BB6C00D8238D /* UIHeightResizableTableView.swift in Sources */,
				DFCCEE062AA39B820074E5B2 /* LocationManager.swift in Sources */,
				DF604E882A6C5D0000CEA365 /* LocationToLocationStringMapper.swift in Sources */,
				D615BB4E2A59CB9500D8238D /* UIFont+Extensions.swift in Sources */,
				D6F56D892A34F8ED0084EBDA /* UITextField+Extensions.swift in Sources */,
				DF8569BC2A6C42FD0092CF82 /* Location.swift in Sources */,
				DF604E922A6C6AE000CEA365 /* LocationParams.swift in Sources */,
				DF604EC52A7EDE7400CEA365 /* LocationDao.swift in Sources */,
				DFCCEE152AA3B5BA0074E5B2 /* LocationManagerProtocol.swift in Sources */,
				DF604E9D2A7EA77B00CEA365 /* NetworkConfig.swift in Sources */,
				DF604E7F2A6C54EE00CEA365 /* CoffeeShop.swift in Sources */,
				DF8569C42A6C44C20092CF82 /* LocationChooserLocalDataSource.swift in Sources */,
				DF604E852A6C5C3700CEA365 /* Mapper.swift in Sources */,
				D69D2C1F2A3E309E004E689F /* LoginLocalizableKeys.swift in Sources */,
				D69D2C2D2A3E4388004E689F /* LoginPresenter.swift in Sources */,
				DF604EBE2A7EDBD900CEA365 /* LocationEntity.swift in Sources */,
				DF604F042A9A904D00CEA365 /* LocationProviderResult.swift in Sources */,
				D6F56D4F2A34CBAB0084EBDA /* AppDelegate.swift in Sources */,
				DF8569A32A6C40DB0092CF82 /* HomeRouter.swift in Sources */,
				DF604E9F2A7EA8FA00CEA365 /* CoffeeShopsEndPoint.swift in Sources */,
				DF8569BE2A6C445B0092CF82 /* LocationChooserRepositoryProtocol.swift in Sources */,
				DF604EA52A7EB39100CEA365 /* CoffeeShopItemToCoffeeShopMapper.swift in Sources */,
				DF604EBC2A7EDB4900CEA365 /* LocationDaoProtocol.swift in Sources */,
				D615BB542A59E7C000D8238D /* UICoffeeShopCardView.swift in Sources */,
				D69D2C242A3E3B9C004E689F /* UIViewController+Extensions.swift in Sources */,
				DFCCEE112AA3AE090074E5B2 /* CoreLocationConverterStrategy.swift in Sources */,
				DF604E962A6C6B8400CEA365 /* HomeActionResult.swift in Sources */,
				DF8569CC2A6C50480092CF82 /* LocationProvider.swift in Sources */,
				DF604E8A2A6C5DAC00CEA365 /* LocationMapper+Extensions.swift in Sources */,
				DF8569CA2A6C503D0092CF82 /* LocationProviderProtocol.swift in Sources */,
				DF8569AF2A6C417F0092CF82 /* LocationChooserViewController.swift in Sources */,
				D6F56D512A34CBAB0084EBDA /* SceneDelegate.swift in Sources */,
				DFCCEE0D2AA3AB100074E5B2 /* CLLocation+Extension.swift in Sources */,
				DF8569C22A6C44970092CF82 /* LocationChooserLocalDataSourceProtocol.swift in Sources */,
				DF604EB32A7ED37D00CEA365 /* UIImageView+Extensions.swift in Sources */,
				DF604E8E2A6C673F00CEA365 /* CoffeeShopItem.swift in Sources */,
				DFCCEE252AA3BF530074E5B2 /* CLLocationToCoordinateMapper.swift in Sources */,
				DFCCEE1A2AA3B9910074E5B2 /* LocationStatus.swift in Sources */,
				DFCCEE272AA3CE660074E5B2 /* GMSPlace+Extensions.swift in Sources */,
				D69D2C222A3E3B40004E689F /* HomeViewController.swift in Sources */,
				DFCCEE1C2AA3B9D10074E5B2 /* LocationAuthorizationType.swift in Sources */,
				DF604E982A6C6C3000CEA365 /* CoffeeAppError.swift in Sources */,
				DF604EB72A7ED8C100CEA365 /* LocationDb.xcdatamodeld in Sources */,
				DF604EA22A7EAE6D00CEA365 /* CoffeeShopsEndPointProtocol.swift in Sources */,
				DF8569B72A6C42C00092CF82 /* LocationChoosePresenter.swift in Sources */,
				DFCCEE0F2AA3AC5A0074E5B2 /* LocationConverterStrategyProtocol.swift in Sources */,
				D615BB582A59F6E600D8238D /* CoffeeShopViewProtocol.swift in Sources */,
				DFCCEE212AA3BD590074E5B2 /* LocationManagerLocalizable.swift in Sources */,
				D6F56D8F2A34FA890084EBDA /* SignUpLocalizable.swift in Sources */,
				DF604EAD2A7EC0E200CEA365 /* CoffeeShopToCoffeeShopViewMapper.swift in Sources */,
				DFCCEE092AA3A5CD0074E5B2 /* CLPlacemarkToLocationMapper.swift in Sources */,
				DF8569B32A6C41BD0092CF82 /* LocationChooserRouter.swift in Sources */,
				DF604EB12A7EC24600CEA365 /* CoffeeShop+Extensions.swift in Sources */,
				DF8569B12A6C41990092CF82 /* LocationChooserRouterProtocol.swift in Sources */,
				DF8569B52A6C42590092CF82 /* LocationChooserPresenterProtocol.swift in Sources */,
				DF604EFD2A9A687000CEA365 /* LocationLocalToLocationEntityMapper.swift in Sources */,
				DF604E822A6C565400CEA365 /* HomeModule.swift in Sources */,
				DFCCEE032AA398810074E5B2 /* HomeLocalizable.swift in Sources */,
				DF604EC82A7EDF5000CEA365 /* LocationEntityToLocationLocalMapper.swift in Sources */,
				D615BB562A59F6D400D8238D /* CoffeeShopPresenterProtocol.swift in Sources */,
				DF604E942A6C6B3800CEA365 /* HomeDataSource.swift in Sources */,
				DF8569C82A6C4F490092CF82 /* LocationChooserModule.swift in Sources */,
				D6966E6F2A4773F800374EB3 /* CoffeeShopTableViewCell.swift in Sources */,
				DF604F022A9A8F6500CEA365 /* Location+Extensions.swift in Sources */,
				DF604EC32A7EDD5000CEA365 /* LocationComposedResult.swift in Sources */,
				DFCCEE882AB2A4930074E5B2 /* LocationSavedResult.swift in Sources */,
				DF85699A2A6C40410092CF82 /* HomeViewProtocol.swift in Sources */,
				DF8569912A6C32890092CF82 /* CoffeeShopPresenter.swift in Sources */,
			);
			runOnlyForDeploymentPostprocessing = 0;
		};
		D6F56D5D2A34CBAC0084EBDA /* Sources */ = {
			isa = PBXSourcesBuildPhase;
			buildActionMask = 2147483647;
			files = (
				D6F56D662A34CBAC0084EBDA /* Modulo2Tests.swift in Sources */,
			);
			runOnlyForDeploymentPostprocessing = 0;
		};
		D6F56D672A34CBAD0084EBDA /* Sources */ = {
			isa = PBXSourcesBuildPhase;
			buildActionMask = 2147483647;
			files = (
				D6F56D702A34CBAD0084EBDA /* Modulo2UITests.swift in Sources */,
				D6F56D722A34CBAD0084EBDA /* Modulo2UITestsLaunchTests.swift in Sources */,
			);
			runOnlyForDeploymentPostprocessing = 0;
		};
/* End PBXSourcesBuildPhase section */

/* Begin PBXTargetDependency section */
		D6F56D632A34CBAC0084EBDA /* PBXTargetDependency */ = {
			isa = PBXTargetDependency;
			target = D6F56D4A2A34CBAB0084EBDA /* Modulo2 */;
			targetProxy = D6F56D622A34CBAC0084EBDA /* PBXContainerItemProxy */;
		};
		D6F56D6D2A34CBAD0084EBDA /* PBXTargetDependency */ = {
			isa = PBXTargetDependency;
			target = D6F56D4A2A34CBAB0084EBDA /* Modulo2 */;
			targetProxy = D6F56D6C2A34CBAD0084EBDA /* PBXContainerItemProxy */;
		};
/* End PBXTargetDependency section */

/* Begin PBXVariantGroup section */
		D6F56D592A34CBAC0084EBDA /* LaunchScreen.storyboard */ = {
			isa = PBXVariantGroup;
			children = (
				D6F56D5A2A34CBAC0084EBDA /* Base */,
			);
			name = LaunchScreen.storyboard;
			sourceTree = "<group>";
		};
/* End PBXVariantGroup section */

/* Begin XCBuildConfiguration section */
		D6F56D732A34CBAD0084EBDA /* Debug */ = {
			isa = XCBuildConfiguration;
			buildSettings = {
				ALWAYS_SEARCH_USER_PATHS = NO;
				CLANG_ANALYZER_NONNULL = YES;
				CLANG_ANALYZER_NUMBER_OBJECT_CONVERSION = YES_AGGRESSIVE;
				CLANG_CXX_LANGUAGE_STANDARD = "gnu++20";
				CLANG_ENABLE_MODULES = YES;
				CLANG_ENABLE_OBJC_ARC = YES;
				CLANG_ENABLE_OBJC_WEAK = YES;
				CLANG_WARN_BLOCK_CAPTURE_AUTORELEASING = YES;
				CLANG_WARN_BOOL_CONVERSION = YES;
				CLANG_WARN_COMMA = YES;
				CLANG_WARN_CONSTANT_CONVERSION = YES;
				CLANG_WARN_DEPRECATED_OBJC_IMPLEMENTATIONS = YES;
				CLANG_WARN_DIRECT_OBJC_ISA_USAGE = YES_ERROR;
				CLANG_WARN_DOCUMENTATION_COMMENTS = YES;
				CLANG_WARN_EMPTY_BODY = YES;
				CLANG_WARN_ENUM_CONVERSION = YES;
				CLANG_WARN_INFINITE_RECURSION = YES;
				CLANG_WARN_INT_CONVERSION = YES;
				CLANG_WARN_NON_LITERAL_NULL_CONVERSION = YES;
				CLANG_WARN_OBJC_IMPLICIT_RETAIN_SELF = YES;
				CLANG_WARN_OBJC_LITERAL_CONVERSION = YES;
				CLANG_WARN_OBJC_ROOT_CLASS = YES_ERROR;
				CLANG_WARN_QUOTED_INCLUDE_IN_FRAMEWORK_HEADER = YES;
				CLANG_WARN_RANGE_LOOP_ANALYSIS = YES;
				CLANG_WARN_STRICT_PROTOTYPES = YES;
				CLANG_WARN_SUSPICIOUS_MOVE = YES;
				CLANG_WARN_UNGUARDED_AVAILABILITY = YES_AGGRESSIVE;
				CLANG_WARN_UNREACHABLE_CODE = YES;
				CLANG_WARN__DUPLICATE_METHOD_MATCH = YES;
				COPY_PHASE_STRIP = NO;
				DEBUG_INFORMATION_FORMAT = dwarf;
				ENABLE_STRICT_OBJC_MSGSEND = YES;
				ENABLE_TESTABILITY = YES;
				GCC_C_LANGUAGE_STANDARD = gnu11;
				GCC_DYNAMIC_NO_PIC = NO;
				GCC_NO_COMMON_BLOCKS = YES;
				GCC_OPTIMIZATION_LEVEL = 0;
				GCC_PREPROCESSOR_DEFINITIONS = (
					"DEBUG=1",
					"$(inherited)",
				);
				GCC_WARN_64_TO_32_BIT_CONVERSION = YES;
				GCC_WARN_ABOUT_RETURN_TYPE = YES_ERROR;
				GCC_WARN_UNDECLARED_SELECTOR = YES;
				GCC_WARN_UNINITIALIZED_AUTOS = YES_AGGRESSIVE;
				GCC_WARN_UNUSED_FUNCTION = YES;
				GCC_WARN_UNUSED_VARIABLE = YES;
				IPHONEOS_DEPLOYMENT_TARGET = 16.2;
				MTL_ENABLE_DEBUG_INFO = INCLUDE_SOURCE;
				MTL_FAST_MATH = YES;
				ONLY_ACTIVE_ARCH = YES;
				SDKROOT = iphoneos;
				SWIFT_ACTIVE_COMPILATION_CONDITIONS = DEBUG;
				SWIFT_OPTIMIZATION_LEVEL = "-Onone";
			};
			name = Debug;
		};
		D6F56D742A34CBAD0084EBDA /* Release */ = {
			isa = XCBuildConfiguration;
			buildSettings = {
				ALWAYS_SEARCH_USER_PATHS = NO;
				CLANG_ANALYZER_NONNULL = YES;
				CLANG_ANALYZER_NUMBER_OBJECT_CONVERSION = YES_AGGRESSIVE;
				CLANG_CXX_LANGUAGE_STANDARD = "gnu++20";
				CLANG_ENABLE_MODULES = YES;
				CLANG_ENABLE_OBJC_ARC = YES;
				CLANG_ENABLE_OBJC_WEAK = YES;
				CLANG_WARN_BLOCK_CAPTURE_AUTORELEASING = YES;
				CLANG_WARN_BOOL_CONVERSION = YES;
				CLANG_WARN_COMMA = YES;
				CLANG_WARN_CONSTANT_CONVERSION = YES;
				CLANG_WARN_DEPRECATED_OBJC_IMPLEMENTATIONS = YES;
				CLANG_WARN_DIRECT_OBJC_ISA_USAGE = YES_ERROR;
				CLANG_WARN_DOCUMENTATION_COMMENTS = YES;
				CLANG_WARN_EMPTY_BODY = YES;
				CLANG_WARN_ENUM_CONVERSION = YES;
				CLANG_WARN_INFINITE_RECURSION = YES;
				CLANG_WARN_INT_CONVERSION = YES;
				CLANG_WARN_NON_LITERAL_NULL_CONVERSION = YES;
				CLANG_WARN_OBJC_IMPLICIT_RETAIN_SELF = YES;
				CLANG_WARN_OBJC_LITERAL_CONVERSION = YES;
				CLANG_WARN_OBJC_ROOT_CLASS = YES_ERROR;
				CLANG_WARN_QUOTED_INCLUDE_IN_FRAMEWORK_HEADER = YES;
				CLANG_WARN_RANGE_LOOP_ANALYSIS = YES;
				CLANG_WARN_STRICT_PROTOTYPES = YES;
				CLANG_WARN_SUSPICIOUS_MOVE = YES;
				CLANG_WARN_UNGUARDED_AVAILABILITY = YES_AGGRESSIVE;
				CLANG_WARN_UNREACHABLE_CODE = YES;
				CLANG_WARN__DUPLICATE_METHOD_MATCH = YES;
				COPY_PHASE_STRIP = NO;
				DEBUG_INFORMATION_FORMAT = "dwarf-with-dsym";
				ENABLE_NS_ASSERTIONS = NO;
				ENABLE_STRICT_OBJC_MSGSEND = YES;
				GCC_C_LANGUAGE_STANDARD = gnu11;
				GCC_NO_COMMON_BLOCKS = YES;
				GCC_WARN_64_TO_32_BIT_CONVERSION = YES;
				GCC_WARN_ABOUT_RETURN_TYPE = YES_ERROR;
				GCC_WARN_UNDECLARED_SELECTOR = YES;
				GCC_WARN_UNINITIALIZED_AUTOS = YES_AGGRESSIVE;
				GCC_WARN_UNUSED_FUNCTION = YES;
				GCC_WARN_UNUSED_VARIABLE = YES;
				IPHONEOS_DEPLOYMENT_TARGET = 16.2;
				MTL_ENABLE_DEBUG_INFO = NO;
				MTL_FAST_MATH = YES;
				SDKROOT = iphoneos;
				SWIFT_COMPILATION_MODE = wholemodule;
				SWIFT_OPTIMIZATION_LEVEL = "-O";
				VALIDATE_PRODUCT = YES;
			};
			name = Release;
		};
		D6F56D762A34CBAD0084EBDA /* Debug */ = {
			isa = XCBuildConfiguration;
			baseConfigurationReference = 5512CC36681255D501E89836 /* Pods-Modulo2.debug.xcconfig */;
			buildSettings = {
				ASSETCATALOG_COMPILER_APPICON_NAME = AppIcon;
				ASSETCATALOG_COMPILER_GLOBAL_ACCENT_COLOR_NAME = AccentColor;
				CLANG_ENABLE_MODULES = YES;
				CODE_SIGN_STYLE = Automatic;
				CURRENT_PROJECT_VERSION = 1;
				GENERATE_INFOPLIST_FILE = YES;
				INFOPLIST_FILE = Modulo2/Info.plist;
				INFOPLIST_KEY_CFBundleDisplayName = "Coffee finder";
				INFOPLIST_KEY_LSApplicationCategoryType = "public.app-category.food-and-drink";
				INFOPLIST_KEY_UIApplicationSupportsIndirectInputEvents = YES;
				INFOPLIST_KEY_UILaunchStoryboardName = LaunchScreen;
				INFOPLIST_KEY_UISupportedInterfaceOrientations_iPad = "UIInterfaceOrientationPortrait UIInterfaceOrientationPortraitUpsideDown UIInterfaceOrientationLandscapeLeft UIInterfaceOrientationLandscapeRight";
				INFOPLIST_KEY_UISupportedInterfaceOrientations_iPhone = "UIInterfaceOrientationPortrait UIInterfaceOrientationLandscapeLeft UIInterfaceOrientationLandscapeRight";
				LD_RUNPATH_SEARCH_PATHS = (
					"$(inherited)",
					"@executable_path/Frameworks",
				);
				MARKETING_VERSION = 1.0;
				PRODUCT_BUNDLE_IDENTIFIER = mx.mobilestudio.Modulo2;
				PRODUCT_NAME = "$(TARGET_NAME)";
				SWIFT_EMIT_LOC_STRINGS = YES;
				SWIFT_OPTIMIZATION_LEVEL = "-Onone";
				SWIFT_VERSION = 5.0;
				TARGETED_DEVICE_FAMILY = "1,2";
			};
			name = Debug;
		};
		D6F56D772A34CBAD0084EBDA /* Release */ = {
			isa = XCBuildConfiguration;
			baseConfigurationReference = BE6FC0EF09E27FB3EA430CE0 /* Pods-Modulo2.release.xcconfig */;
			buildSettings = {
				ASSETCATALOG_COMPILER_APPICON_NAME = AppIcon;
				ASSETCATALOG_COMPILER_GLOBAL_ACCENT_COLOR_NAME = AccentColor;
				CLANG_ENABLE_MODULES = YES;
				CODE_SIGN_STYLE = Automatic;
				CURRENT_PROJECT_VERSION = 1;
				GENERATE_INFOPLIST_FILE = YES;
				INFOPLIST_FILE = Modulo2/Info.plist;
				INFOPLIST_KEY_CFBundleDisplayName = "Coffee finder";
				INFOPLIST_KEY_LSApplicationCategoryType = "public.app-category.food-and-drink";
				INFOPLIST_KEY_UIApplicationSupportsIndirectInputEvents = YES;
				INFOPLIST_KEY_UILaunchStoryboardName = LaunchScreen;
				INFOPLIST_KEY_UISupportedInterfaceOrientations_iPad = "UIInterfaceOrientationPortrait UIInterfaceOrientationPortraitUpsideDown UIInterfaceOrientationLandscapeLeft UIInterfaceOrientationLandscapeRight";
				INFOPLIST_KEY_UISupportedInterfaceOrientations_iPhone = "UIInterfaceOrientationPortrait UIInterfaceOrientationLandscapeLeft UIInterfaceOrientationLandscapeRight";
				LD_RUNPATH_SEARCH_PATHS = (
					"$(inherited)",
					"@executable_path/Frameworks",
				);
				MARKETING_VERSION = 1.0;
				PRODUCT_BUNDLE_IDENTIFIER = mx.mobilestudio.Modulo2;
				PRODUCT_NAME = "$(TARGET_NAME)";
				SWIFT_EMIT_LOC_STRINGS = YES;
				SWIFT_VERSION = 5.0;
				TARGETED_DEVICE_FAMILY = "1,2";
			};
			name = Release;
		};
		D6F56D792A34CBAD0084EBDA /* Debug */ = {
			isa = XCBuildConfiguration;
			buildSettings = {
				ALWAYS_EMBED_SWIFT_STANDARD_LIBRARIES = YES;
				BUNDLE_LOADER = "$(TEST_HOST)";
				CODE_SIGN_STYLE = Automatic;
				CURRENT_PROJECT_VERSION = 1;
				GENERATE_INFOPLIST_FILE = YES;
				IPHONEOS_DEPLOYMENT_TARGET = 16.2;
				MARKETING_VERSION = 1.0;
				PRODUCT_BUNDLE_IDENTIFIER = mx.mobilestudio.Modulo2Tests;
				PRODUCT_NAME = "$(TARGET_NAME)";
				SWIFT_EMIT_LOC_STRINGS = NO;
				SWIFT_VERSION = 5.0;
				TARGETED_DEVICE_FAMILY = "1,2";
				TEST_HOST = "$(BUILT_PRODUCTS_DIR)/Modulo2.app/$(BUNDLE_EXECUTABLE_FOLDER_PATH)/Modulo2";
			};
			name = Debug;
		};
		D6F56D7A2A34CBAD0084EBDA /* Release */ = {
			isa = XCBuildConfiguration;
			buildSettings = {
				ALWAYS_EMBED_SWIFT_STANDARD_LIBRARIES = YES;
				BUNDLE_LOADER = "$(TEST_HOST)";
				CODE_SIGN_STYLE = Automatic;
				CURRENT_PROJECT_VERSION = 1;
				GENERATE_INFOPLIST_FILE = YES;
				IPHONEOS_DEPLOYMENT_TARGET = 16.2;
				MARKETING_VERSION = 1.0;
				PRODUCT_BUNDLE_IDENTIFIER = mx.mobilestudio.Modulo2Tests;
				PRODUCT_NAME = "$(TARGET_NAME)";
				SWIFT_EMIT_LOC_STRINGS = NO;
				SWIFT_VERSION = 5.0;
				TARGETED_DEVICE_FAMILY = "1,2";
				TEST_HOST = "$(BUILT_PRODUCTS_DIR)/Modulo2.app/$(BUNDLE_EXECUTABLE_FOLDER_PATH)/Modulo2";
			};
			name = Release;
		};
		D6F56D7C2A34CBAD0084EBDA /* Debug */ = {
			isa = XCBuildConfiguration;
			buildSettings = {
				ALWAYS_EMBED_SWIFT_STANDARD_LIBRARIES = YES;
				CODE_SIGN_STYLE = Automatic;
				CURRENT_PROJECT_VERSION = 1;
				GENERATE_INFOPLIST_FILE = YES;
				MARKETING_VERSION = 1.0;
				PRODUCT_BUNDLE_IDENTIFIER = mx.mobilestudio.Modulo2UITests;
				PRODUCT_NAME = "$(TARGET_NAME)";
				SWIFT_EMIT_LOC_STRINGS = NO;
				SWIFT_VERSION = 5.0;
				TARGETED_DEVICE_FAMILY = "1,2";
				TEST_TARGET_NAME = Modulo2;
			};
			name = Debug;
		};
		D6F56D7D2A34CBAD0084EBDA /* Release */ = {
			isa = XCBuildConfiguration;
			buildSettings = {
				ALWAYS_EMBED_SWIFT_STANDARD_LIBRARIES = YES;
				CODE_SIGN_STYLE = Automatic;
				CURRENT_PROJECT_VERSION = 1;
				GENERATE_INFOPLIST_FILE = YES;
				MARKETING_VERSION = 1.0;
				PRODUCT_BUNDLE_IDENTIFIER = mx.mobilestudio.Modulo2UITests;
				PRODUCT_NAME = "$(TARGET_NAME)";
				SWIFT_EMIT_LOC_STRINGS = NO;
				SWIFT_VERSION = 5.0;
				TARGETED_DEVICE_FAMILY = "1,2";
				TEST_TARGET_NAME = Modulo2;
			};
			name = Release;
		};
/* End XCBuildConfiguration section */

/* Begin XCConfigurationList section */
		D6F56D462A34CBAB0084EBDA /* Build configuration list for PBXProject "Modulo2" */ = {
			isa = XCConfigurationList;
			buildConfigurations = (
				D6F56D732A34CBAD0084EBDA /* Debug */,
				D6F56D742A34CBAD0084EBDA /* Release */,
			);
			defaultConfigurationIsVisible = 0;
			defaultConfigurationName = Release;
		};
		D6F56D752A34CBAD0084EBDA /* Build configuration list for PBXNativeTarget "Modulo2" */ = {
			isa = XCConfigurationList;
			buildConfigurations = (
				D6F56D762A34CBAD0084EBDA /* Debug */,
				D6F56D772A34CBAD0084EBDA /* Release */,
			);
			defaultConfigurationIsVisible = 0;
			defaultConfigurationName = Release;
		};
		D6F56D782A34CBAD0084EBDA /* Build configuration list for PBXNativeTarget "Modulo2Tests" */ = {
			isa = XCConfigurationList;
			buildConfigurations = (
				D6F56D792A34CBAD0084EBDA /* Debug */,
				D6F56D7A2A34CBAD0084EBDA /* Release */,
			);
			defaultConfigurationIsVisible = 0;
			defaultConfigurationName = Release;
		};
		D6F56D7B2A34CBAD0084EBDA /* Build configuration list for PBXNativeTarget "Modulo2UITests" */ = {
			isa = XCConfigurationList;
			buildConfigurations = (
				D6F56D7C2A34CBAD0084EBDA /* Debug */,
				D6F56D7D2A34CBAD0084EBDA /* Release */,
			);
			defaultConfigurationIsVisible = 0;
			defaultConfigurationName = Release;
		};
/* End XCConfigurationList section */

/* Begin XCVersionGroup section */
		DF604EB52A7ED8C100CEA365 /* LocationDb.xcdatamodeld */ = {
			isa = XCVersionGroup;
			children = (
				DF604EB62A7ED8C100CEA365 /* LocationDb.xcdatamodel */,
			);
			currentVersion = DF604EB62A7ED8C100CEA365 /* LocationDb.xcdatamodel */;
			path = LocationDb.xcdatamodeld;
			sourceTree = "<group>";
			versionGroupType = wrapper.xcdatamodel;
		};
/* End XCVersionGroup section */
	};
	rootObject = D6F56D432A34CBAB0084EBDA /* Project object */;
}
